// !$*UTF8*$!
{
	archiveVersion = 1;
	classes = {
	};
	objectVersion = 50;
	objects = {

/* Begin PBXBuildFile section */
		789825C02564C56A00A1F98D /* AgoraHandsUpManagerOC.swift in Sources */ = {isa = PBXBuildFile; fileRef = 789825BF2564C56A00A1F98D /* AgoraHandsUpManagerOC.swift */; };
		78A3EA352563BF41003067AB /* AgoraHandsUpManager.swift in Sources */ = {isa = PBXBuildFile; fileRef = 78A3EA342563BF41003067AB /* AgoraHandsUpManager.swift */; };
		78A3EA492563CBE3003067AB /* AgoraHandsUp.xcassets in Resources */ = {isa = PBXBuildFile; fileRef = 78A3EA482563CBE2003067AB /* AgoraHandsUp.xcassets */; };
		FAE78FC0EAE4845315AF1619 /* Pods_AgoraHandsUp.framework in Frameworks */ = {isa = PBXBuildFile; fileRef = 82CC37B201DCA943A932C75A /* Pods_AgoraHandsUp.framework */; };
/* End PBXBuildFile section */

/* Begin PBXFileReference section */
		3D3B593D49E701318058499F /* Pods-AgoraHandsUp.release.xcconfig */ = {isa = PBXFileReference; includeInIndex = 1; lastKnownFileType = text.xcconfig; name = "Pods-AgoraHandsUp.release.xcconfig"; path = "Target Support Files/Pods-AgoraHandsUp/Pods-AgoraHandsUp.release.xcconfig"; sourceTree = "<group>"; };
		605136B6FC267D7FDC09D0B2 /* Pods-AgoraHandsUp.debug.xcconfig */ = {isa = PBXFileReference; includeInIndex = 1; lastKnownFileType = text.xcconfig; name = "Pods-AgoraHandsUp.debug.xcconfig"; path = "Target Support Files/Pods-AgoraHandsUp/Pods-AgoraHandsUp.debug.xcconfig"; sourceTree = "<group>"; };
		789825BF2564C56A00A1F98D /* AgoraHandsUpManagerOC.swift */ = {isa = PBXFileReference; fileEncoding = 4; lastKnownFileType = sourcecode.swift; path = AgoraHandsUpManagerOC.swift; sourceTree = "<group>"; };
		78A3EA282563BF14003067AB /* AgoraHandsUp.framework */ = {isa = PBXFileReference; explicitFileType = wrapper.framework; includeInIndex = 0; path = AgoraHandsUp.framework; sourceTree = BUILT_PRODUCTS_DIR; };
		78A3EA2C2563BF14003067AB /* Info.plist */ = {isa = PBXFileReference; lastKnownFileType = text.plist.xml; path = Info.plist; sourceTree = "<group>"; };
		78A3EA342563BF41003067AB /* AgoraHandsUpManager.swift */ = {isa = PBXFileReference; lastKnownFileType = sourcecode.swift; path = AgoraHandsUpManager.swift; sourceTree = "<group>"; };
		78A3EA482563CBE2003067AB /* AgoraHandsUp.xcassets */ = {isa = PBXFileReference; lastKnownFileType = folder.assetcatalog; path = AgoraHandsUp.xcassets; sourceTree = "<group>"; };
		82CC37B201DCA943A932C75A /* Pods_AgoraHandsUp.framework */ = {isa = PBXFileReference; explicitFileType = wrapper.framework; includeInIndex = 0; path = Pods_AgoraHandsUp.framework; sourceTree = BUILT_PRODUCTS_DIR; };
/* End PBXFileReference section */

/* Begin PBXFrameworksBuildPhase section */
		78A3EA252563BF14003067AB /* Frameworks */ = {
			isa = PBXFrameworksBuildPhase;
			buildActionMask = 2147483647;
			files = (
				FAE78FC0EAE4845315AF1619 /* Pods_AgoraHandsUp.framework in Frameworks */,
			);
			runOnlyForDeploymentPostprocessing = 0;
		};
/* End PBXFrameworksBuildPhase section */

/* Begin PBXGroup section */
		78A3EA1E2563BF14003067AB = {
			isa = PBXGroup;
			children = (
				78A3EA2A2563BF14003067AB /* AgoraHandsUp */,
				78A3EA292563BF14003067AB /* Products */,
				F9F094D1818B9248FDE9FFB0 /* Pods */,
				CED9870517471EE5776BD011 /* Frameworks */,
			);
			sourceTree = "<group>";
		};
		78A3EA292563BF14003067AB /* Products */ = {
			isa = PBXGroup;
			children = (
				78A3EA282563BF14003067AB /* AgoraHandsUp.framework */,
			);
			name = Products;
			sourceTree = "<group>";
		};
		78A3EA2A2563BF14003067AB /* AgoraHandsUp */ = {
			isa = PBXGroup;
			children = (
				78A3EA342563BF41003067AB /* AgoraHandsUpManager.swift */,
				789825BF2564C56A00A1F98D /* AgoraHandsUpManagerOC.swift */,
				78A3EA482563CBE2003067AB /* AgoraHandsUp.xcassets */,
				78A3EA2C2563BF14003067AB /* Info.plist */,
			);
			path = AgoraHandsUp;
			sourceTree = "<group>";
		};
		CED9870517471EE5776BD011 /* Frameworks */ = {
			isa = PBXGroup;
			children = (
				82CC37B201DCA943A932C75A /* Pods_AgoraHandsUp.framework */,
			);
			name = Frameworks;
			sourceTree = "<group>";
		};
		F9F094D1818B9248FDE9FFB0 /* Pods */ = {
			isa = PBXGroup;
			children = (
				605136B6FC267D7FDC09D0B2 /* Pods-AgoraHandsUp.debug.xcconfig */,
				3D3B593D49E701318058499F /* Pods-AgoraHandsUp.release.xcconfig */,
			);
			path = Pods;
			sourceTree = "<group>";
		};
/* End PBXGroup section */

/* Begin PBXHeadersBuildPhase section */
		78A3EA232563BF14003067AB /* Headers */ = {
			isa = PBXHeadersBuildPhase;
			buildActionMask = 2147483647;
			files = (
			);
			runOnlyForDeploymentPostprocessing = 0;
		};
/* End PBXHeadersBuildPhase section */

/* Begin PBXNativeTarget section */
		78A3EA272563BF14003067AB /* AgoraHandsUp */ = {
			isa = PBXNativeTarget;
			buildConfigurationList = 78A3EA302563BF14003067AB /* Build configuration list for PBXNativeTarget "AgoraHandsUp" */;
			buildPhases = (
				1A3E30805137DAFFD5CB54F8 /* [CP] Check Pods Manifest.lock */,
				78A3EA232563BF14003067AB /* Headers */,
				78A3EA242563BF14003067AB /* Sources */,
				78A3EA252563BF14003067AB /* Frameworks */,
				78A3EA262563BF14003067AB /* Resources */,
			);
			buildRules = (
			);
			dependencies = (
			);
			name = AgoraHandsUp;
			productName = AgoraHandsUp;
			productReference = 78A3EA282563BF14003067AB /* AgoraHandsUp.framework */;
			productType = "com.apple.product-type.framework";
		};
/* End PBXNativeTarget section */

/* Begin PBXProject section */
		78A3EA1F2563BF14003067AB /* Project object */ = {
			isa = PBXProject;
			attributes = {
				LastUpgradeCheck = 1200;
				TargetAttributes = {
					78A3EA272563BF14003067AB = {
						CreatedOnToolsVersion = 12.0;
						LastSwiftMigration = 1200;
					};
				};
			};
			buildConfigurationList = 78A3EA222563BF14003067AB /* Build configuration list for PBXProject "AgoraHandsUp" */;
			compatibilityVersion = "Xcode 9.3";
			developmentRegion = en;
			hasScannedForEncodings = 0;
			knownRegions = (
				en,
				Base,
			);
			mainGroup = 78A3EA1E2563BF14003067AB;
			productRefGroup = 78A3EA292563BF14003067AB /* Products */;
			projectDirPath = "";
			projectRoot = "";
			targets = (
				78A3EA272563BF14003067AB /* AgoraHandsUp */,
			);
		};
/* End PBXProject section */

/* Begin PBXResourcesBuildPhase section */
		78A3EA262563BF14003067AB /* Resources */ = {
			isa = PBXResourcesBuildPhase;
			buildActionMask = 2147483647;
			files = (
				78A3EA492563CBE3003067AB /* AgoraHandsUp.xcassets in Resources */,
			);
			runOnlyForDeploymentPostprocessing = 0;
		};
/* End PBXResourcesBuildPhase section */

/* Begin PBXShellScriptBuildPhase section */
		1A3E30805137DAFFD5CB54F8 /* [CP] Check Pods Manifest.lock */ = {
			isa = PBXShellScriptBuildPhase;
			buildActionMask = 2147483647;
			files = (
			);
			inputFileListPaths = (
			);
			inputPaths = (
				"${PODS_PODFILE_DIR_PATH}/Podfile.lock",
				"${PODS_ROOT}/Manifest.lock",
			);
			name = "[CP] Check Pods Manifest.lock";
			outputFileListPaths = (
			);
			outputPaths = (
				"$(DERIVED_FILE_DIR)/Pods-AgoraHandsUp-checkManifestLockResult.txt",
			);
			runOnlyForDeploymentPostprocessing = 0;
			shellPath = /bin/sh;
			shellScript = "diff \"${PODS_PODFILE_DIR_PATH}/Podfile.lock\" \"${PODS_ROOT}/Manifest.lock\" > /dev/null\nif [ $? != 0 ] ; then\n    # print error to STDERR\n    echo \"error: The sandbox is not in sync with the Podfile.lock. Run 'pod install' or update your CocoaPods installation.\" >&2\n    exit 1\nfi\n# This output is used by Xcode 'outputs' to avoid re-running this script phase.\necho \"SUCCESS\" > \"${SCRIPT_OUTPUT_FILE_0}\"\n";
			showEnvVarsInLog = 0;
		};
/* End PBXShellScriptBuildPhase section */

/* Begin PBXSourcesBuildPhase section */
		78A3EA242563BF14003067AB /* Sources */ = {
			isa = PBXSourcesBuildPhase;
			buildActionMask = 2147483647;
			files = (
				789825C02564C56A00A1F98D /* AgoraHandsUpManagerOC.swift in Sources */,
				78A3EA352563BF41003067AB /* AgoraHandsUpManager.swift in Sources */,
			);
			runOnlyForDeploymentPostprocessing = 0;
		};
/* End PBXSourcesBuildPhase section */

/* Begin XCBuildConfiguration section */
		78A3EA2E2563BF14003067AB /* Debug */ = {
			isa = XCBuildConfiguration;
			buildSettings = {
				ALWAYS_SEARCH_USER_PATHS = NO;
				CLANG_ANALYZER_NONNULL = YES;
				CLANG_ANALYZER_NUMBER_OBJECT_CONVERSION = YES_AGGRESSIVE;
				CLANG_CXX_LANGUAGE_STANDARD = "gnu++14";
				CLANG_CXX_LIBRARY = "libc++";
				CLANG_ENABLE_MODULES = YES;
				CLANG_ENABLE_OBJC_ARC = YES;
				CLANG_ENABLE_OBJC_WEAK = YES;
				CLANG_WARN_BLOCK_CAPTURE_AUTORELEASING = YES;
				CLANG_WARN_BOOL_CONVERSION = YES;
				CLANG_WARN_COMMA = YES;
				CLANG_WARN_CONSTANT_CONVERSION = YES;
				CLANG_WARN_DEPRECATED_OBJC_IMPLEMENTATIONS = YES;
				CLANG_WARN_DIRECT_OBJC_ISA_USAGE = YES_ERROR;
				CLANG_WARN_DOCUMENTATION_COMMENTS = YES;
				CLANG_WARN_EMPTY_BODY = YES;
				CLANG_WARN_ENUM_CONVERSION = YES;
				CLANG_WARN_INFINITE_RECURSION = YES;
				CLANG_WARN_INT_CONVERSION = YES;
				CLANG_WARN_NON_LITERAL_NULL_CONVERSION = YES;
				CLANG_WARN_OBJC_IMPLICIT_RETAIN_SELF = YES;
				CLANG_WARN_OBJC_LITERAL_CONVERSION = YES;
				CLANG_WARN_OBJC_ROOT_CLASS = YES_ERROR;
				CLANG_WARN_QUOTED_INCLUDE_IN_FRAMEWORK_HEADER = YES;
				CLANG_WARN_RANGE_LOOP_ANALYSIS = YES;
				CLANG_WARN_STRICT_PROTOTYPES = YES;
				CLANG_WARN_SUSPICIOUS_MOVE = YES;
				CLANG_WARN_UNGUARDED_AVAILABILITY = YES_AGGRESSIVE;
				CLANG_WARN_UNREACHABLE_CODE = YES;
				CLANG_WARN__DUPLICATE_METHOD_MATCH = YES;
				COPY_PHASE_STRIP = NO;
				CURRENT_PROJECT_VERSION = 1;
				DEBUG_INFORMATION_FORMAT = dwarf;
				ENABLE_STRICT_OBJC_MSGSEND = YES;
				ENABLE_TESTABILITY = YES;
				GCC_C_LANGUAGE_STANDARD = gnu11;
				GCC_DYNAMIC_NO_PIC = NO;
				GCC_NO_COMMON_BLOCKS = YES;
				GCC_OPTIMIZATION_LEVEL = 0;
				GCC_PREPROCESSOR_DEFINITIONS = (
					"DEBUG=1",
					"$(inherited)",
				);
				GCC_WARN_64_TO_32_BIT_CONVERSION = YES;
				GCC_WARN_ABOUT_RETURN_TYPE = YES_ERROR;
				GCC_WARN_UNDECLARED_SELECTOR = YES;
				GCC_WARN_UNINITIALIZED_AUTOS = YES_AGGRESSIVE;
				GCC_WARN_UNUSED_FUNCTION = YES;
				GCC_WARN_UNUSED_VARIABLE = YES;
				IPHONEOS_DEPLOYMENT_TARGET = 10.0;
				MTL_ENABLE_DEBUG_INFO = INCLUDE_SOURCE;
				MTL_FAST_MATH = YES;
				ONLY_ACTIVE_ARCH = YES;
				SDKROOT = iphoneos;
				SWIFT_ACTIVE_COMPILATION_CONDITIONS = DEBUG;
				SWIFT_OPTIMIZATION_LEVEL = "-Onone";
				VERSIONING_SYSTEM = "apple-generic";
				VERSION_INFO_PREFIX = "";
			};
			name = Debug;
		};
		78A3EA2F2563BF14003067AB /* Release */ = {
			isa = XCBuildConfiguration;
			buildSettings = {
				ALWAYS_SEARCH_USER_PATHS = NO;
				CLANG_ANALYZER_NONNULL = YES;
				CLANG_ANALYZER_NUMBER_OBJECT_CONVERSION = YES_AGGRESSIVE;
				CLANG_CXX_LANGUAGE_STANDARD = "gnu++14";
				CLANG_CXX_LIBRARY = "libc++";
				CLANG_ENABLE_MODULES = YES;
				CLANG_ENABLE_OBJC_ARC = YES;
				CLANG_ENABLE_OBJC_WEAK = YES;
				CLANG_WARN_BLOCK_CAPTURE_AUTORELEASING = YES;
				CLANG_WARN_BOOL_CONVERSION = YES;
				CLANG_WARN_COMMA = YES;
				CLANG_WARN_CONSTANT_CONVERSION = YES;
				CLANG_WARN_DEPRECATED_OBJC_IMPLEMENTATIONS = YES;
				CLANG_WARN_DIRECT_OBJC_ISA_USAGE = YES_ERROR;
				CLANG_WARN_DOCUMENTATION_COMMENTS = YES;
				CLANG_WARN_EMPTY_BODY = YES;
				CLANG_WARN_ENUM_CONVERSION = YES;
				CLANG_WARN_INFINITE_RECURSION = YES;
				CLANG_WARN_INT_CONVERSION = YES;
				CLANG_WARN_NON_LITERAL_NULL_CONVERSION = YES;
				CLANG_WARN_OBJC_IMPLICIT_RETAIN_SELF = YES;
				CLANG_WARN_OBJC_LITERAL_CONVERSION = YES;
				CLANG_WARN_OBJC_ROOT_CLASS = YES_ERROR;
				CLANG_WARN_QUOTED_INCLUDE_IN_FRAMEWORK_HEADER = YES;
				CLANG_WARN_RANGE_LOOP_ANALYSIS = YES;
				CLANG_WARN_STRICT_PROTOTYPES = YES;
				CLANG_WARN_SUSPICIOUS_MOVE = YES;
				CLANG_WARN_UNGUARDED_AVAILABILITY = YES_AGGRESSIVE;
				CLANG_WARN_UNREACHABLE_CODE = YES;
				CLANG_WARN__DUPLICATE_METHOD_MATCH = YES;
				COPY_PHASE_STRIP = NO;
				CURRENT_PROJECT_VERSION = 1;
				DEBUG_INFORMATION_FORMAT = "dwarf-with-dsym";
				ENABLE_NS_ASSERTIONS = NO;
				ENABLE_STRICT_OBJC_MSGSEND = YES;
				GCC_C_LANGUAGE_STANDARD = gnu11;
				GCC_NO_COMMON_BLOCKS = YES;
				GCC_WARN_64_TO_32_BIT_CONVERSION = YES;
				GCC_WARN_ABOUT_RETURN_TYPE = YES_ERROR;
				GCC_WARN_UNDECLARED_SELECTOR = YES;
				GCC_WARN_UNINITIALIZED_AUTOS = YES_AGGRESSIVE;
				GCC_WARN_UNUSED_FUNCTION = YES;
				GCC_WARN_UNUSED_VARIABLE = YES;
				IPHONEOS_DEPLOYMENT_TARGET = 10.0;
				MTL_ENABLE_DEBUG_INFO = NO;
				MTL_FAST_MATH = YES;
				SDKROOT = iphoneos;
				SWIFT_COMPILATION_MODE = wholemodule;
				SWIFT_OPTIMIZATION_LEVEL = "-O";
				VALIDATE_PRODUCT = YES;
				VERSIONING_SYSTEM = "apple-generic";
				VERSION_INFO_PREFIX = "";
			};
			name = Release;
		};
		78A3EA312563BF14003067AB /* Debug */ = {
			isa = XCBuildConfiguration;
			baseConfigurationReference = 605136B6FC267D7FDC09D0B2 /* Pods-AgoraHandsUp.debug.xcconfig */;
			buildSettings = {
				BUILD_LIBRARY_FOR_DISTRIBUTION = YES;
				CLANG_ENABLE_MODULES = YES;
				CODE_SIGN_STYLE = Automatic;
				DEFINES_MODULE = YES;
				DYLIB_COMPATIBILITY_VERSION = 1;
				DYLIB_CURRENT_VERSION = 1;
				DYLIB_INSTALL_NAME_BASE = "@rpath";
				INFOPLIST_FILE = AgoraHandsUp/Info.plist;
				INSTALL_PATH = "$(LOCAL_LIBRARY_DIR)/Frameworks";
				LD_RUNPATH_SEARCH_PATHS = (
					"$(inherited)",
					"@executable_path/Frameworks",
					"@loader_path/Frameworks",
				);
				PRODUCT_BUNDLE_IDENTIFIER = io.agora.AgoraHandsUp;
				PRODUCT_NAME = "$(TARGET_NAME:c99extidentifier)";
				SKIP_INSTALL = YES;
				SUPPORTS_MACCATALYST = NO;
				SWIFT_OPTIMIZATION_LEVEL = "-Onone";
				SWIFT_VERSION = 5.0;
				TARGETED_DEVICE_FAMILY = "1,2";
			};
			name = Debug;
		};
		78A3EA322563BF14003067AB /* Release */ = {
			isa = XCBuildConfiguration;
			baseConfigurationReference = 3D3B593D49E701318058499F /* Pods-AgoraHandsUp.release.xcconfig */;
			buildSettings = {
				BUILD_LIBRARY_FOR_DISTRIBUTION = YES;
				CLANG_ENABLE_MODULES = YES;
				CODE_SIGN_STYLE = Automatic;
				DEFINES_MODULE = YES;
				DYLIB_COMPATIBILITY_VERSION = 1;
				DYLIB_CURRENT_VERSION = 1;
				DYLIB_INSTALL_NAME_BASE = "@rpath";
				INFOPLIST_FILE = AgoraHandsUp/Info.plist;
				INSTALL_PATH = "$(LOCAL_LIBRARY_DIR)/Frameworks";
				LD_RUNPATH_SEARCH_PATHS = (
					"$(inherited)",
					"@executable_path/Frameworks",
					"@loader_path/Frameworks",
				);
				PRODUCT_BUNDLE_IDENTIFIER = io.agora.AgoraHandsUp;
				PRODUCT_NAME = "$(TARGET_NAME:c99extidentifier)";
				SKIP_INSTALL = YES;
				SUPPORTS_MACCATALYST = NO;
				SWIFT_VERSION = 5.0;
				TARGETED_DEVICE_FAMILY = "1,2";
			};
			name = Release;
		};
/* End XCBuildConfiguration section */

/* Begin XCConfigurationList section */
		78A3EA222563BF14003067AB /* Build configuration list for PBXProject "AgoraHandsUp" */ = {
			isa = XCConfigurationList;
			buildConfigurations = (
				78A3EA2E2563BF14003067AB /* Debug */,
				78A3EA2F2563BF14003067AB /* Release */,
			);
			defaultConfigurationIsVisible = 0;
			defaultConfigurationName = Release;
		};
		78A3EA302563BF14003067AB /* Build configuration list for PBXNativeTarget "AgoraHandsUp" */ = {
			isa = XCConfigurationList;
			buildConfigurations = (
				78A3EA312563BF14003067AB /* Debug */,
				78A3EA322563BF14003067AB /* Release */,
			);
			defaultConfigurationIsVisible = 0;
			defaultConfigurationName = Release;
		};
/* End XCConfigurationList section */
	};
	rootObject = 78A3EA1F2563BF14003067AB /* Project object */;
}
