// !$*UTF8*$!
{
	archiveVersion = 1;
	classes = {
	};
	objectVersion = 51;
	objects = {

/* Begin PBXBuildFile section */
		1A44BE7522BF863000766274 /* Assets.xcassets in Resources */ = {isa = PBXBuildFile; fileRef = 1A44BE5722BF863000766274 /* Assets.xcassets */; };
		1A44BE7A22BF863000766274 /* main.m in Sources */ = {isa = PBXBuildFile; fileRef = 1A44BE5E22BF863000766274 /* main.m */; };
		1A44BE7B22BF863000766274 /* AppDelegate.m in Sources */ = {isa = PBXBuildFile; fileRef = 1A44BE6022BF863000766274 /* AppDelegate.m */; };
		586A17DB26986DFA00112777 /* Agora_Privacy_Policy_cn.rtf in Resources */ = {isa = PBXBuildFile; fileRef = 586A17D926986DFA00112777 /* Agora_Privacy_Policy_cn.rtf */; };
		586A17DC26986DFA00112777 /* Agora_Privacy_Policy_en.rtf in Resources */ = {isa = PBXBuildFile; fileRef = 586A17DA26986DFA00112777 /* Agora_Privacy_Policy_en.rtf */; };
		586A17DE26986E0D00112777 /* TermsAndPolicyViewController.swift in Sources */ = {isa = PBXBuildFile; fileRef = 586A17DD26986E0D00112777 /* TermsAndPolicyViewController.swift */; };
		586A17E026986E1800112777 /* TermsAndPolicyView.swift in Sources */ = {isa = PBXBuildFile; fileRef = 586A17DF26986E1800112777 /* TermsAndPolicyView.swift */; };
		586A17E326986E2D00112777 /* privacy.storyboard in Resources */ = {isa = PBXBuildFile; fileRef = 586A17E526986E2D00112777 /* privacy.storyboard */; };
		683622D6262AC4620028F7F5 /* DisclaimerView.swift in Sources */ = {isa = PBXBuildFile; fileRef = 683622D5262AC4620028F7F5 /* DisclaimerView.swift */; };
		68362357262D30C20028F7F5 /* BaseLoginObject.swift in Sources */ = {isa = PBXBuildFile; fileRef = 68362356262D30C20028F7F5 /* BaseLoginObject.swift */; };
		687AFBAF2646BBAD004E5A34 /* CountDownContainerView.swift in Sources */ = {isa = PBXBuildFile; fileRef = 687AFBAE2646BBAD004E5A34 /* CountDownContainerView.swift */; };
		687AFBB22646BC2C004E5A34 /* SingleTimeView.swift in Sources */ = {isa = PBXBuildFile; fileRef = 687AFBB12646BC2C004E5A34 /* SingleTimeView.swift */; };
		687AFC2A264AA84A004E5A34 /* SingleTimeGroup.swift in Sources */ = {isa = PBXBuildFile; fileRef = 687AFC29264AA84A004E5A34 /* SingleTimeGroup.swift */; };
		6888099A262825FC00B5FB2A /* LoginViewController.swift in Sources */ = {isa = PBXBuildFile; fileRef = 68880999262825FC00B5FB2A /* LoginViewController.swift */; };
		6888099F2628383700B5FB2A /* ChooseTableView.swift in Sources */ = {isa = PBXBuildFile; fileRef = 6888099E2628383700B5FB2A /* ChooseTableView.swift */; };
		688809E82629358800B5FB2A /* MainViewController.swift in Sources */ = {isa = PBXBuildFile; fileRef = 688809E72629358800B5FB2A /* MainViewController.swift */; };
		68A5E2AB2635143400E3C37E /* AboutTableCell.swift in Sources */ = {isa = PBXBuildFile; fileRef = 68A5E2AA2635143400E3C37E /* AboutTableCell.swift */; };
		68A5E2F12635557B00E3C37E /* AboutView.swift in Sources */ = {isa = PBXBuildFile; fileRef = 68A5E2F02635557B00E3C37E /* AboutView.swift */; };
		75D36FB810CB94F4AEF8D9A2 /* Pods_AgoraEducation.framework in Frameworks */ = {isa = PBXBuildFile; fileRef = 76A4F1D25B13050F999DB322 /* Pods_AgoraEducation.framework */; };
		7801A89C25DB7D9D00C63ABF /* DebugViewController.swift in Sources */ = {isa = PBXBuildFile; fileRef = 7801A89A25DB7D9D00C63ABF /* DebugViewController.swift */; };
		7801A89D25DB7D9D00C63ABF /* DebugViewController.xib in Resources */ = {isa = PBXBuildFile; fileRef = 7801A89B25DB7D9D00C63ABF /* DebugViewController.xib */; };
		7813B70223FA5A0300265830 /* LaunchScreen.storyboard in Resources */ = {isa = PBXBuildFile; fileRef = 7813B6F623FA5A0300265830 /* LaunchScreen.storyboard */; };
		783FB6DC240D0746007298C1 /* AlertViewUtil.m in Sources */ = {isa = PBXBuildFile; fileRef = 783FB6CE240D0746007298C1 /* AlertViewUtil.m */; };
		783FB6E0240D0746007298C1 /* UIView+Toast.m in Sources */ = {isa = PBXBuildFile; fileRef = 783FB6DA240D0746007298C1 /* UIView+Toast.m */; };
		787485F825AB155F0022329D /* KeyCenter.m in Sources */ = {isa = PBXBuildFile; fileRef = 787485F725AB155F0022329D /* KeyCenter.m */; };
		787485FF25AB176C0022329D /* UIColor+Addition.m in Sources */ = {isa = PBXBuildFile; fileRef = 787485FE25AB176B0022329D /* UIColor+Addition.m */; };
		7878B4C523FA72EE00AF1B4F /* Localizable.strings in Resources */ = {isa = PBXBuildFile; fileRef = 7878B4C723FA72EE00AF1B4F /* Localizable.strings */; };
		7878B4CB23FA735700AF1B4F /* InfoPlist.strings in Resources */ = {isa = PBXBuildFile; fileRef = 7878B4CD23FA735700AF1B4F /* InfoPlist.strings */; };
		787A004225D10FC10063456F /* AudioToolbox.framework in Frameworks */ = {isa = PBXBuildFile; fileRef = 787A004125D10FC10063456F /* AudioToolbox.framework */; };
		78ADF11A26C02FB200BF44F4 /* AnswerExtApp.m in Sources */ = {isa = PBXBuildFile; fileRef = 78ADF11826C02FB200BF44F4 /* AnswerExtApp.m */; };
		78D7314723B3964400D2146C /* README.md in Resources */ = {isa = PBXBuildFile; fileRef = 78D7314523B3964300D2146C /* README.md */; };
		78D7314823B3964400D2146C /* README.zh.md in Resources */ = {isa = PBXBuildFile; fileRef = 78D7314623B3964400D2146C /* README.zh.md */; };
		78DFB61525AE93C100B01906 /* AgoraEducationHTTPClient.m in Sources */ = {isa = PBXBuildFile; fileRef = 78DFB61425AE93C000B01906 /* AgoraEducationHTTPClient.m */; };
		78DFB67725AECAF600B01906 /* TokenBuilder.m in Sources */ = {isa = PBXBuildFile; fileRef = 78DFB67625AECAF600B01906 /* TokenBuilder.m */; };
		78DFB69825AEE20B00B01906 /* RtmTokenTool.mm in Sources */ = {isa = PBXBuildFile; fileRef = 78DFB68625AEE20B00B01906 /* RtmTokenTool.mm */; };
		78DFB69925AEE20B00B01906 /* md5.cpp in Sources */ = {isa = PBXBuildFile; fileRef = 78DFB68B25AEE20B00B01906 /* md5.cpp */; };
		8654871F261EE6C70025ADCB /* WhiteBoardExtApp.m in Sources */ = {isa = PBXBuildFile; fileRef = 8654871E261EE6C70025ADCB /* WhiteBoardExtApp.m */; };
		86F80252262589AF00364FFE /* CountDownExtApp.m in Sources */ = {isa = PBXBuildFile; fileRef = 86F80251262589AF00364FFE /* CountDownExtApp.m */; };
/* End PBXBuildFile section */

/* Begin PBXContainerItemProxy section */
		1AE0D01D2283C5F40092AC5E /* PBXContainerItemProxy */ = {
			isa = PBXContainerItemProxy;
			containerPortal = 1AE0CFFC2283C5F20092AC5E /* Project object */;
			proxyType = 1;
			remoteGlobalIDString = 1AE0D0032283C5F20092AC5E;
			remoteInfo = AgoraSmallClass;
		};
		1AE0D0282283C5F40092AC5E /* PBXContainerItemProxy */ = {
			isa = PBXContainerItemProxy;
			containerPortal = 1AE0CFFC2283C5F20092AC5E /* Project object */;
			proxyType = 1;
			remoteGlobalIDString = 1AE0D0032283C5F20092AC5E;
			remoteInfo = AgoraSmallClass;
		};
/* End PBXContainerItemProxy section */

/* Begin PBXFileReference section */
		1A44BE3522BF863000766274 /* AppDelegate.h */ = {isa = PBXFileReference; fileEncoding = 4; lastKnownFileType = sourcecode.c.h; path = AppDelegate.h; sourceTree = "<group>"; };
		1A44BE5722BF863000766274 /* Assets.xcassets */ = {isa = PBXFileReference; lastKnownFileType = folder.assetcatalog; path = Assets.xcassets; sourceTree = "<group>"; };
		1A44BE5E22BF863000766274 /* main.m */ = {isa = PBXFileReference; fileEncoding = 4; lastKnownFileType = sourcecode.c.objc; path = main.m; sourceTree = "<group>"; };
		1A44BE6022BF863000766274 /* AppDelegate.m */ = {isa = PBXFileReference; fileEncoding = 4; lastKnownFileType = sourcecode.c.objc; path = AppDelegate.m; sourceTree = "<group>"; };
		1A44BE7E22BF874A00766274 /* Info.plist */ = {isa = PBXFileReference; fileEncoding = 4; lastKnownFileType = text.plist.xml; path = Info.plist; sourceTree = "<group>"; };
		1AE0D0042283C5F20092AC5E /* AgoraCloudClass.app */ = {isa = PBXFileReference; explicitFileType = wrapper.application; includeInIndex = 0; path = AgoraCloudClass.app; sourceTree = BUILT_PRODUCTS_DIR; };
		1AE0D01C2283C5F40092AC5E /* AgoraEducationTests.xctest */ = {isa = PBXFileReference; explicitFileType = wrapper.cfbundle; includeInIndex = 0; path = AgoraEducationTests.xctest; sourceTree = BUILT_PRODUCTS_DIR; };
		1AE0D0272283C5F40092AC5E /* AgoraEducationUITests.xctest */ = {isa = PBXFileReference; explicitFileType = wrapper.cfbundle; includeInIndex = 0; path = AgoraEducationUITests.xctest; sourceTree = BUILT_PRODUCTS_DIR; };
		1AE0D0A022897E9A0092AC5E /* SystemConfiguration.framework */ = {isa = PBXFileReference; lastKnownFileType = wrapper.framework; name = SystemConfiguration.framework; path = System/Library/Frameworks/SystemConfiguration.framework; sourceTree = SDKROOT; };
		1AE0D0A222897EA60092AC5E /* CoreTelephony.framework */ = {isa = PBXFileReference; lastKnownFileType = wrapper.framework; name = CoreTelephony.framework; path = System/Library/Frameworks/CoreTelephony.framework; sourceTree = SDKROOT; };
		1AE0D0A422897EC40092AC5E /* libresolv.tbd */ = {isa = PBXFileReference; lastKnownFileType = "sourcecode.text-based-dylib-definition"; name = libresolv.tbd; path = usr/lib/libresolv.tbd; sourceTree = SDKROOT; };
		1AE0D0A622897ECD0092AC5E /* libc++.tbd */ = {isa = PBXFileReference; lastKnownFileType = "sourcecode.text-based-dylib-definition"; name = "libc++.tbd"; path = "usr/lib/libc++.tbd"; sourceTree = SDKROOT; };
		3327573F8A98D9B63A402151 /* Pods-AgoraEducation.devrelease.xcconfig */ = {isa = PBXFileReference; includeInIndex = 1; lastKnownFileType = text.xcconfig; name = "Pods-AgoraEducation.devrelease.xcconfig"; path = "Target Support Files/Pods-AgoraEducation/Pods-AgoraEducation.devrelease.xcconfig"; sourceTree = "<group>"; };
		40B28313D80C71B4DA8D643D /* Pods-AgoraEducation.debug.xcconfig */ = {isa = PBXFileReference; includeInIndex = 1; lastKnownFileType = text.xcconfig; name = "Pods-AgoraEducation.debug.xcconfig"; path = "Target Support Files/Pods-AgoraEducation/Pods-AgoraEducation.debug.xcconfig"; sourceTree = "<group>"; };
		4EAA54960A24224AEAEC570D /* Pods-AgoraEducation.release.xcconfig */ = {isa = PBXFileReference; includeInIndex = 1; lastKnownFileType = text.xcconfig; name = "Pods-AgoraEducation.release.xcconfig"; path = "Target Support Files/Pods-AgoraEducation/Pods-AgoraEducation.release.xcconfig"; sourceTree = "<group>"; };
		586A17D926986DFA00112777 /* Agora_Privacy_Policy_cn.rtf */ = {isa = PBXFileReference; fileEncoding = 4; lastKnownFileType = text.rtf; path = Agora_Privacy_Policy_cn.rtf; sourceTree = "<group>"; };
		586A17DA26986DFA00112777 /* Agora_Privacy_Policy_en.rtf */ = {isa = PBXFileReference; fileEncoding = 4; lastKnownFileType = text.rtf; path = Agora_Privacy_Policy_en.rtf; sourceTree = "<group>"; };
		586A17DD26986E0D00112777 /* TermsAndPolicyViewController.swift */ = {isa = PBXFileReference; fileEncoding = 4; lastKnownFileType = sourcecode.swift; path = TermsAndPolicyViewController.swift; sourceTree = "<group>"; };
		586A17DF26986E1800112777 /* TermsAndPolicyView.swift */ = {isa = PBXFileReference; fileEncoding = 4; lastKnownFileType = sourcecode.swift; path = TermsAndPolicyView.swift; sourceTree = "<group>"; };
		586A17E426986E2D00112777 /* Base */ = {isa = PBXFileReference; lastKnownFileType = file.storyboard; name = Base; path = Base.lproj/privacy.storyboard; sourceTree = "<group>"; };
		586A17E726986E3200112777 /* en */ = {isa = PBXFileReference; lastKnownFileType = text.plist.strings; name = en; path = en.lproj/privacy.strings; sourceTree = "<group>"; };
		586A17E926986E3300112777 /* zh-Hans */ = {isa = PBXFileReference; lastKnownFileType = text.plist.strings; name = "zh-Hans"; path = "zh-Hans.lproj/privacy.strings"; sourceTree = "<group>"; };
		683622D5262AC4620028F7F5 /* DisclaimerView.swift */ = {isa = PBXFileReference; lastKnownFileType = sourcecode.swift; path = DisclaimerView.swift; sourceTree = "<group>"; };
		68362356262D30C20028F7F5 /* BaseLoginObject.swift */ = {isa = PBXFileReference; lastKnownFileType = sourcecode.swift; path = BaseLoginObject.swift; sourceTree = "<group>"; };
		687AFBAE2646BBAD004E5A34 /* CountDownContainerView.swift */ = {isa = PBXFileReference; lastKnownFileType = sourcecode.swift; path = CountDownContainerView.swift; sourceTree = "<group>"; };
		687AFBB12646BC2C004E5A34 /* SingleTimeView.swift */ = {isa = PBXFileReference; lastKnownFileType = sourcecode.swift; path = SingleTimeView.swift; sourceTree = "<group>"; };
		687AFC29264AA84A004E5A34 /* SingleTimeGroup.swift */ = {isa = PBXFileReference; lastKnownFileType = sourcecode.swift; path = SingleTimeGroup.swift; sourceTree = "<group>"; };
		68880999262825FC00B5FB2A /* LoginViewController.swift */ = {isa = PBXFileReference; lastKnownFileType = sourcecode.swift; path = LoginViewController.swift; sourceTree = "<group>"; };
		6888099E2628383700B5FB2A /* ChooseTableView.swift */ = {isa = PBXFileReference; lastKnownFileType = sourcecode.swift; path = ChooseTableView.swift; sourceTree = "<group>"; };
		688809E72629358800B5FB2A /* MainViewController.swift */ = {isa = PBXFileReference; lastKnownFileType = sourcecode.swift; path = MainViewController.swift; sourceTree = "<group>"; };
		68A5E2AA2635143400E3C37E /* AboutTableCell.swift */ = {isa = PBXFileReference; lastKnownFileType = sourcecode.swift; path = AboutTableCell.swift; sourceTree = "<group>"; };
		68A5E2F02635557B00E3C37E /* AboutView.swift */ = {isa = PBXFileReference; lastKnownFileType = sourcecode.swift; path = AboutView.swift; sourceTree = "<group>"; };
		76A4F1D25B13050F999DB322 /* Pods_AgoraEducation.framework */ = {isa = PBXFileReference; explicitFileType = wrapper.framework; includeInIndex = 0; path = Pods_AgoraEducation.framework; sourceTree = BUILT_PRODUCTS_DIR; };
		7801A89A25DB7D9D00C63ABF /* DebugViewController.swift */ = {isa = PBXFileReference; lastKnownFileType = sourcecode.swift; path = DebugViewController.swift; sourceTree = "<group>"; };
		7801A89B25DB7D9D00C63ABF /* DebugViewController.xib */ = {isa = PBXFileReference; lastKnownFileType = file.xib; path = DebugViewController.xib; sourceTree = "<group>"; };
		78136271242C81ED00B7D1FE /* libz.tbd */ = {isa = PBXFileReference; lastKnownFileType = "sourcecode.text-based-dylib-definition"; name = libz.tbd; path = usr/lib/libz.tbd; sourceTree = SDKROOT; };
		78136273242C81FF00B7D1FE /* libiconv.tbd */ = {isa = PBXFileReference; lastKnownFileType = "sourcecode.text-based-dylib-definition"; name = libiconv.tbd; path = usr/lib/libiconv.tbd; sourceTree = SDKROOT; };
		78136274242C820700B7D1FE /* Security.framework */ = {isa = PBXFileReference; lastKnownFileType = wrapper.framework; name = Security.framework; path = System/Library/Frameworks/Security.framework; sourceTree = SDKROOT; };
		7813B6F723FA5A0300265830 /* Base */ = {isa = PBXFileReference; lastKnownFileType = file.storyboard; name = Base; path = Base.lproj/LaunchScreen.storyboard; sourceTree = "<group>"; };
		7813B72723FA5BDA00265830 /* zh-Hans */ = {isa = PBXFileReference; lastKnownFileType = text.plist.strings; name = "zh-Hans"; path = "zh-Hans.lproj/LaunchScreen.strings"; sourceTree = "<group>"; };
		7813B72E23FA5C1200265830 /* en */ = {isa = PBXFileReference; lastKnownFileType = text.plist.strings; name = en; path = en.lproj/LaunchScreen.strings; sourceTree = "<group>"; };
		783FB6CD240D0746007298C1 /* AlertViewUtil.h */ = {isa = PBXFileReference; fileEncoding = 4; lastKnownFileType = sourcecode.c.h; path = AlertViewUtil.h; sourceTree = "<group>"; };
		783FB6CE240D0746007298C1 /* AlertViewUtil.m */ = {isa = PBXFileReference; fileEncoding = 4; lastKnownFileType = sourcecode.c.objc; path = AlertViewUtil.m; sourceTree = "<group>"; };
		783FB6D9240D0746007298C1 /* UIView+Toast.h */ = {isa = PBXFileReference; fileEncoding = 4; lastKnownFileType = sourcecode.c.h; path = "UIView+Toast.h"; sourceTree = "<group>"; };
		783FB6DA240D0746007298C1 /* UIView+Toast.m */ = {isa = PBXFileReference; fileEncoding = 4; lastKnownFileType = sourcecode.c.objc; path = "UIView+Toast.m"; sourceTree = "<group>"; };
		785D12F224CEB24E00F7A8AB /* AgoraReplayUI.framework */ = {isa = PBXFileReference; explicitFileType = wrapper.framework; path = AgoraReplayUI.framework; sourceTree = BUILT_PRODUCTS_DIR; };
		785D12F624CEB25200F7A8AB /* AgoraWhiteBoard.framework */ = {isa = PBXFileReference; explicitFileType = wrapper.framework; path = AgoraWhiteBoard.framework; sourceTree = BUILT_PRODUCTS_DIR; };
		785D12F924CEB25700F7A8AB /* EduSDK.framework */ = {isa = PBXFileReference; explicitFileType = wrapper.framework; path = EduSDK.framework; sourceTree = BUILT_PRODUCTS_DIR; };
		787485F625AB155F0022329D /* KeyCenter.h */ = {isa = PBXFileReference; lastKnownFileType = sourcecode.c.h; path = KeyCenter.h; sourceTree = "<group>"; };
		787485F725AB155F0022329D /* KeyCenter.m */ = {isa = PBXFileReference; lastKnownFileType = sourcecode.c.objc; path = KeyCenter.m; sourceTree = "<group>"; };
		787485FD25AB176B0022329D /* UIColor+Addition.h */ = {isa = PBXFileReference; fileEncoding = 4; lastKnownFileType = sourcecode.c.h; path = "UIColor+Addition.h"; sourceTree = "<group>"; };
		787485FE25AB176B0022329D /* UIColor+Addition.m */ = {isa = PBXFileReference; fileEncoding = 4; lastKnownFileType = sourcecode.c.objc; path = "UIColor+Addition.m"; sourceTree = "<group>"; };
		7878B4C623FA72EE00AF1B4F /* en */ = {isa = PBXFileReference; lastKnownFileType = text.plist.strings; name = en; path = en.lproj/Localizable.strings; sourceTree = "<group>"; };
		7878B4C823FA72F200AF1B4F /* zh-Hans */ = {isa = PBXFileReference; lastKnownFileType = text.plist.strings; name = "zh-Hans"; path = "zh-Hans.lproj/Localizable.strings"; sourceTree = "<group>"; };
		7878B4CC23FA735700AF1B4F /* en */ = {isa = PBXFileReference; lastKnownFileType = text.plist.strings; name = en; path = en.lproj/InfoPlist.strings; sourceTree = "<group>"; };
		7878B4CE23FA735A00AF1B4F /* zh-Hans */ = {isa = PBXFileReference; lastKnownFileType = text.plist.strings; name = "zh-Hans"; path = "zh-Hans.lproj/InfoPlist.strings"; sourceTree = "<group>"; };
		787A004125D10FC10063456F /* AudioToolbox.framework */ = {isa = PBXFileReference; lastKnownFileType = wrapper.framework; name = AudioToolbox.framework; path = System/Library/Frameworks/AudioToolbox.framework; sourceTree = SDKROOT; };
		78A3EA5E25640261003067AB /* AgoraEducation-Bridging-Header.h */ = {isa = PBXFileReference; lastKnownFileType = sourcecode.c.h; path = "AgoraEducation-Bridging-Header.h"; sourceTree = "<group>"; };
		78ADF11826C02FB200BF44F4 /* AnswerExtApp.m */ = {isa = PBXFileReference; fileEncoding = 4; lastKnownFileType = sourcecode.c.objc; path = AnswerExtApp.m; sourceTree = "<group>"; };
		78ADF11926C02FB200BF44F4 /* AnswerExtApp.h */ = {isa = PBXFileReference; fileEncoding = 4; lastKnownFileType = sourcecode.c.h; path = AnswerExtApp.h; sourceTree = "<group>"; };
		78D7314523B3964300D2146C /* README.md */ = {isa = PBXFileReference; fileEncoding = 4; lastKnownFileType = net.daringfireball.markdown; path = README.md; sourceTree = "<group>"; };
		78D7314623B3964400D2146C /* README.zh.md */ = {isa = PBXFileReference; fileEncoding = 4; lastKnownFileType = net.daringfireball.markdown; path = README.zh.md; sourceTree = "<group>"; };
		78DFB61325AE93C000B01906 /* AgoraEducationHTTPClient.h */ = {isa = PBXFileReference; fileEncoding = 4; lastKnownFileType = sourcecode.c.h; path = AgoraEducationHTTPClient.h; sourceTree = "<group>"; };
		78DFB61425AE93C000B01906 /* AgoraEducationHTTPClient.m */ = {isa = PBXFileReference; fileEncoding = 4; lastKnownFileType = sourcecode.c.objc; path = AgoraEducationHTTPClient.m; sourceTree = "<group>"; };
		78DFB67525AECAF600B01906 /* TokenBuilder.h */ = {isa = PBXFileReference; lastKnownFileType = sourcecode.c.h; path = TokenBuilder.h; sourceTree = "<group>"; };
		78DFB67625AECAF600B01906 /* TokenBuilder.m */ = {isa = PBXFileReference; lastKnownFileType = sourcecode.c.objc; path = TokenBuilder.m; sourceTree = "<group>"; };
		78DFB68625AEE20B00B01906 /* RtmTokenTool.mm */ = {isa = PBXFileReference; fileEncoding = 4; lastKnownFileType = sourcecode.cpp.objcpp; path = RtmTokenTool.mm; sourceTree = "<group>"; };
		78DFB68725AEE20B00B01906 /* RtmTokenTool.h */ = {isa = PBXFileReference; fileEncoding = 4; lastKnownFileType = sourcecode.c.h; path = RtmTokenTool.h; sourceTree = "<group>"; };
		78DFB68925AEE20B00B01906 /* utils.h */ = {isa = PBXFileReference; fileEncoding = 4; lastKnownFileType = sourcecode.c.h; path = utils.h; sourceTree = "<group>"; };
		78DFB68B25AEE20B00B01906 /* md5.cpp */ = {isa = PBXFileReference; fileEncoding = 4; lastKnownFileType = sourcecode.cpp.cpp; path = md5.cpp; sourceTree = "<group>"; };
		78DFB68C25AEE20B00B01906 /* md5.h */ = {isa = PBXFileReference; fileEncoding = 4; lastKnownFileType = sourcecode.c.h; path = md5.h; sourceTree = "<group>"; };
		78DFB68D25AEE20B00B01906 /* DynamicKey5.h */ = {isa = PBXFileReference; fileEncoding = 4; lastKnownFileType = sourcecode.c.h; path = DynamicKey5.h; sourceTree = "<group>"; };
		78DFB68E25AEE20B00B01906 /* Packer.h */ = {isa = PBXFileReference; fileEncoding = 4; lastKnownFileType = sourcecode.c.h; path = Packer.h; sourceTree = "<group>"; };
		78DFB68F25AEE20B00B01906 /* generatorSignalToken.h */ = {isa = PBXFileReference; fileEncoding = 4; lastKnownFileType = sourcecode.c.h; path = generatorSignalToken.h; sourceTree = "<group>"; };
		78DFB69025AEE20B00B01906 /* AccessToken.h */ = {isa = PBXFileReference; fileEncoding = 4; lastKnownFileType = sourcecode.c.h; path = AccessToken.h; sourceTree = "<group>"; };
		78DFB69125AEE20B00B01906 /* DynamicKey2.h */ = {isa = PBXFileReference; fileEncoding = 4; lastKnownFileType = sourcecode.c.h; path = DynamicKey2.h; sourceTree = "<group>"; };
		78DFB69225AEE20B00B01906 /* RtmTokenBuilder.h */ = {isa = PBXFileReference; fileEncoding = 4; lastKnownFileType = sourcecode.c.h; path = RtmTokenBuilder.h; sourceTree = "<group>"; };
		78DFB69325AEE20B00B01906 /* DynamicKey3.h */ = {isa = PBXFileReference; fileEncoding = 4; lastKnownFileType = sourcecode.c.h; path = DynamicKey3.h; sourceTree = "<group>"; };
		78DFB69425AEE20B00B01906 /* generatorSignalToken-Linux.h */ = {isa = PBXFileReference; fileEncoding = 4; lastKnownFileType = sourcecode.c.h; path = "generatorSignalToken-Linux.h"; sourceTree = "<group>"; };
		78DFB69525AEE20B00B01906 /* RtcTokenBuilder.h */ = {isa = PBXFileReference; fileEncoding = 4; lastKnownFileType = sourcecode.c.h; path = RtcTokenBuilder.h; sourceTree = "<group>"; };
		78DFB69625AEE20B00B01906 /* DynamicKey.h */ = {isa = PBXFileReference; fileEncoding = 4; lastKnownFileType = sourcecode.c.h; path = DynamicKey.h; sourceTree = "<group>"; };
		78DFB69725AEE20B00B01906 /* DynamicKey4.h */ = {isa = PBXFileReference; fileEncoding = 4; lastKnownFileType = sourcecode.c.h; path = DynamicKey4.h; sourceTree = "<group>"; };
		8654871D261EE6C70025ADCB /* WhiteBoardExtApp.h */ = {isa = PBXFileReference; lastKnownFileType = sourcecode.c.h; path = WhiteBoardExtApp.h; sourceTree = "<group>"; };
		8654871E261EE6C70025ADCB /* WhiteBoardExtApp.m */ = {isa = PBXFileReference; lastKnownFileType = sourcecode.c.objc; path = WhiteBoardExtApp.m; sourceTree = "<group>"; };
		86F80250262589AF00364FFE /* CountDownExtApp.h */ = {isa = PBXFileReference; lastKnownFileType = sourcecode.c.h; path = CountDownExtApp.h; sourceTree = "<group>"; };
		86F80251262589AF00364FFE /* CountDownExtApp.m */ = {isa = PBXFileReference; lastKnownFileType = sourcecode.c.objc; path = CountDownExtApp.m; sourceTree = "<group>"; };
		8CD382F7BF039504C1D49C53 /* Pods-AgoraEducation.qatestrelease.xcconfig */ = {isa = PBXFileReference; includeInIndex = 1; lastKnownFileType = text.xcconfig; name = "Pods-AgoraEducation.qatestrelease.xcconfig"; path = "Target Support Files/Pods-AgoraEducation/Pods-AgoraEducation.qatestrelease.xcconfig"; sourceTree = "<group>"; };
		A5BFF93D50503E0756F47D98 /* Pods-AgoraEducation.qarelease.xcconfig */ = {isa = PBXFileReference; includeInIndex = 1; lastKnownFileType = text.xcconfig; name = "Pods-AgoraEducation.qarelease.xcconfig"; path = "Target Support Files/Pods-AgoraEducation/Pods-AgoraEducation.qarelease.xcconfig"; sourceTree = "<group>"; };
		D58F6327530BE8AC6BB7A5A6 /* Pods-AgoraEducation.qatestnewrelease.xcconfig */ = {isa = PBXFileReference; includeInIndex = 1; lastKnownFileType = text.xcconfig; name = "Pods-AgoraEducation.qatestnewrelease.xcconfig"; path = "Target Support Files/Pods-AgoraEducation/Pods-AgoraEducation.qatestnewrelease.xcconfig"; sourceTree = "<group>"; };
/* End PBXFileReference section */

/* Begin PBXFrameworksBuildPhase section */
		1AE0D0012283C5F20092AC5E /* Frameworks */ = {
			isa = PBXFrameworksBuildPhase;
			buildActionMask = 2147483647;
			files = (
				75D36FB810CB94F4AEF8D9A2 /* Pods_AgoraEducation.framework in Frameworks */,
				787A004225D10FC10063456F /* AudioToolbox.framework in Frameworks */,
			);
			runOnlyForDeploymentPostprocessing = 0;
		};
		1AE0D0192283C5F40092AC5E /* Frameworks */ = {
			isa = PBXFrameworksBuildPhase;
			buildActionMask = 2147483647;
			files = (
			);
			runOnlyForDeploymentPostprocessing = 0;
		};
		1AE0D0242283C5F40092AC5E /* Frameworks */ = {
			isa = PBXFrameworksBuildPhase;
			buildActionMask = 2147483647;
			files = (
			);
			runOnlyForDeploymentPostprocessing = 0;
		};
/* End PBXFrameworksBuildPhase section */

/* Begin PBXGroup section */
		1A44BE3322BF863000766274 /* AgoraEducation */ = {
			isa = PBXGroup;
			children = (
				8654871A261EDF830025ADCB /* ExtApps */,
				7801A89925DB7D7100C63ABF /* Debug */,
				78DFB67425AECAB700B01906 /* TokenBuilder */,
				78DFB61225AE93C000B01906 /* HTTP */,
				7813B6F223FA5A0300265830 /* StoryBoards */,
				78D730C423B3853200D2146C /* Utils */,
				78D7312E23B38B0A00D2146C /* Main */,
				1A87571323581AEC009C55A8 /* Supporting Files */,
			);
			path = AgoraEducation;
			sourceTree = "<group>";
		};
		1A87571323581AEC009C55A8 /* Supporting Files */ = {
			isa = PBXGroup;
			children = (
				586A17D926986DFA00112777 /* Agora_Privacy_Policy_cn.rtf */,
				586A17DA26986DFA00112777 /* Agora_Privacy_Policy_en.rtf */,
				78A3EA5E25640261003067AB /* AgoraEducation-Bridging-Header.h */,
				1A44BE5722BF863000766274 /* Assets.xcassets */,
				1A44BE7E22BF874A00766274 /* Info.plist */,
				7878B4CD23FA735700AF1B4F /* InfoPlist.strings */,
				7878B4C723FA72EE00AF1B4F /* Localizable.strings */,
				1A44BE5E22BF863000766274 /* main.m */,
				1A44BE3522BF863000766274 /* AppDelegate.h */,
				1A44BE6022BF863000766274 /* AppDelegate.m */,
			);
			path = "Supporting Files";
			sourceTree = "<group>";
		};
		1AE0CFFB2283C5F20092AC5E = {
			isa = PBXGroup;
			children = (
				78D7314523B3964300D2146C /* README.md */,
				78D7314623B3964400D2146C /* README.zh.md */,
				787485F625AB155F0022329D /* KeyCenter.h */,
				787485F725AB155F0022329D /* KeyCenter.m */,
				1A44BE3322BF863000766274 /* AgoraEducation */,
				1AE0D0052283C5F20092AC5E /* Products */,
				938D296AAD5470F95D0BD9D5 /* Pods */,
				E01323DE5BE7ACD24D968F1E /* Frameworks */,
			);
			sourceTree = "<group>";
		};
		1AE0D0052283C5F20092AC5E /* Products */ = {
			isa = PBXGroup;
			children = (
				1AE0D0042283C5F20092AC5E /* AgoraCloudClass.app */,
				1AE0D01C2283C5F40092AC5E /* AgoraEducationTests.xctest */,
				1AE0D0272283C5F40092AC5E /* AgoraEducationUITests.xctest */,
			);
			name = Products;
			sourceTree = "<group>";
		};
		6836221126296F660028F7F5 /* Beans */ = {
			isa = PBXGroup;
			children = (
				68362356262D30C20028F7F5 /* BaseLoginObject.swift */,
			);
			path = Beans;
			sourceTree = "<group>";
		};
		687AFBB02646BC19004E5A34 /* CountDownExtApp */ = {
			isa = PBXGroup;
			children = (
				86F80250262589AF00364FFE /* CountDownExtApp.h */,
				86F80251262589AF00364FFE /* CountDownExtApp.m */,
				687AFBAE2646BBAD004E5A34 /* CountDownContainerView.swift */,
				687AFBB12646BC2C004E5A34 /* SingleTimeView.swift */,
				687AFC29264AA84A004E5A34 /* SingleTimeGroup.swift */,
			);
			path = CountDownExtApp;
			sourceTree = "<group>";
		};
		7801A89925DB7D7100C63ABF /* Debug */ = {
			isa = PBXGroup;
			children = (
				7801A89A25DB7D9D00C63ABF /* DebugViewController.swift */,
				7801A89B25DB7D9D00C63ABF /* DebugViewController.xib */,
			);
			path = Debug;
			sourceTree = "<group>";
		};
		7813B6F223FA5A0300265830 /* StoryBoards */ = {
			isa = PBXGroup;
			children = (
				7813B6F323FA5A0300265830 /* LaunchScreen */,
			);
			path = StoryBoards;
			sourceTree = "<group>";
		};
		7813B6F323FA5A0300265830 /* LaunchScreen */ = {
			isa = PBXGroup;
			children = (
				7813B6F623FA5A0300265830 /* LaunchScreen.storyboard */,
			);
			path = LaunchScreen;
			sourceTree = "<group>";
		};
		783FB6CC240D0746007298C1 /* AlertView */ = {
			isa = PBXGroup;
			children = (
				783FB6CD240D0746007298C1 /* AlertViewUtil.h */,
				783FB6CE240D0746007298C1 /* AlertViewUtil.m */,
			);
			path = AlertView;
			sourceTree = "<group>";
		};
		783FB6D8240D0746007298C1 /* Toast */ = {
			isa = PBXGroup;
			children = (
				783FB6D9240D0746007298C1 /* UIView+Toast.h */,
				783FB6DA240D0746007298C1 /* UIView+Toast.m */,
			);
			path = Toast;
			sourceTree = "<group>";
		};
		787485FC25AB176B0022329D /* Color */ = {
			isa = PBXGroup;
			children = (
				787485FD25AB176B0022329D /* UIColor+Addition.h */,
				787485FE25AB176B0022329D /* UIColor+Addition.m */,
			);
			path = Color;
			sourceTree = "<group>";
		};
		78ADF11726C02FB200BF44F4 /* AnswerExtApp */ = {
			isa = PBXGroup;
			children = (
				78ADF11826C02FB200BF44F4 /* AnswerExtApp.m */,
				78ADF11926C02FB200BF44F4 /* AnswerExtApp.h */,
			);
			path = AnswerExtApp;
			sourceTree = "<group>";
		};
		78D730C423B3853200D2146C /* Utils */ = {
			isa = PBXGroup;
			children = (
				787485FC25AB176B0022329D /* Color */,
				783FB6CC240D0746007298C1 /* AlertView */,
				783FB6D8240D0746007298C1 /* Toast */,
			);
			path = Utils;
			sourceTree = "<group>";
		};
		78D7312E23B38B0A00D2146C /* Main */ = {
			isa = PBXGroup;
			children = (
				586A17E526986E2D00112777 /* privacy.storyboard */,
				6836221126296F660028F7F5 /* Beans */,
				78D7313923B38B5700D2146C /* Controllers */,
				78D7313523B38B5700D2146C /* View */,
			);
			path = Main;
			sourceTree = "<group>";
		};
		78D7313523B38B5700D2146C /* View */ = {
			isa = PBXGroup;
			children = (
				586A17DF26986E1800112777 /* TermsAndPolicyView.swift */,
				6888099E2628383700B5FB2A /* ChooseTableView.swift */,
				683622D5262AC4620028F7F5 /* DisclaimerView.swift */,
				68A5E2AA2635143400E3C37E /* AboutTableCell.swift */,
				68A5E2F02635557B00E3C37E /* AboutView.swift */,
			);
			path = View;
			sourceTree = "<group>";
		};
		78D7313923B38B5700D2146C /* Controllers */ = {
			isa = PBXGroup;
			children = (
				586A17DD26986E0D00112777 /* TermsAndPolicyViewController.swift */,
				68880999262825FC00B5FB2A /* LoginViewController.swift */,
				688809E72629358800B5FB2A /* MainViewController.swift */,
			);
			path = Controllers;
			sourceTree = "<group>";
		};
		78DFB61225AE93C000B01906 /* HTTP */ = {
			isa = PBXGroup;
			children = (
				78DFB61325AE93C000B01906 /* AgoraEducationHTTPClient.h */,
				78DFB61425AE93C000B01906 /* AgoraEducationHTTPClient.m */,
			);
			path = HTTP;
			sourceTree = "<group>";
		};
		78DFB67425AECAB700B01906 /* TokenBuilder */ = {
			isa = PBXGroup;
			children = (
				78DFB67525AECAF600B01906 /* TokenBuilder.h */,
				78DFB67625AECAF600B01906 /* TokenBuilder.m */,
				78DFB68525AEE20B00B01906 /* RtmTokenTool */,
			);
			path = TokenBuilder;
			sourceTree = "<group>";
		};
		78DFB68525AEE20B00B01906 /* RtmTokenTool */ = {
			isa = PBXGroup;
			children = (
				78DFB68725AEE20B00B01906 /* RtmTokenTool.h */,
				78DFB68625AEE20B00B01906 /* RtmTokenTool.mm */,
				78DFB68825AEE20B00B01906 /* src */,
			);
			path = RtmTokenTool;
			sourceTree = "<group>";
		};
		78DFB68825AEE20B00B01906 /* src */ = {
			isa = PBXGroup;
			children = (
				78DFB68925AEE20B00B01906 /* utils.h */,
				78DFB68A25AEE20B00B01906 /* md5 */,
				78DFB68D25AEE20B00B01906 /* DynamicKey5.h */,
				78DFB68E25AEE20B00B01906 /* Packer.h */,
				78DFB68F25AEE20B00B01906 /* generatorSignalToken.h */,
				78DFB69025AEE20B00B01906 /* AccessToken.h */,
				78DFB69125AEE20B00B01906 /* DynamicKey2.h */,
				78DFB69225AEE20B00B01906 /* RtmTokenBuilder.h */,
				78DFB69325AEE20B00B01906 /* DynamicKey3.h */,
				78DFB69425AEE20B00B01906 /* generatorSignalToken-Linux.h */,
				78DFB69525AEE20B00B01906 /* RtcTokenBuilder.h */,
				78DFB69625AEE20B00B01906 /* DynamicKey.h */,
				78DFB69725AEE20B00B01906 /* DynamicKey4.h */,
			);
			path = src;
			sourceTree = "<group>";
		};
		78DFB68A25AEE20B00B01906 /* md5 */ = {
			isa = PBXGroup;
			children = (
				78DFB68B25AEE20B00B01906 /* md5.cpp */,
				78DFB68C25AEE20B00B01906 /* md5.h */,
			);
			path = md5;
			sourceTree = "<group>";
		};
		8654871A261EDF830025ADCB /* ExtApps */ = {
			isa = PBXGroup;
			children = (
				78ADF11726C02FB200BF44F4 /* AnswerExtApp */,
				687AFBB02646BC19004E5A34 /* CountDownExtApp */,
				8654871D261EE6C70025ADCB /* WhiteBoardExtApp.h */,
				8654871E261EE6C70025ADCB /* WhiteBoardExtApp.m */,
			);
			path = ExtApps;
			sourceTree = "<group>";
		};
		938D296AAD5470F95D0BD9D5 /* Pods */ = {
			isa = PBXGroup;
			children = (
				40B28313D80C71B4DA8D643D /* Pods-AgoraEducation.debug.xcconfig */,
				4EAA54960A24224AEAEC570D /* Pods-AgoraEducation.release.xcconfig */,
				A5BFF93D50503E0756F47D98 /* Pods-AgoraEducation.qarelease.xcconfig */,
				3327573F8A98D9B63A402151 /* Pods-AgoraEducation.devrelease.xcconfig */,
				8CD382F7BF039504C1D49C53 /* Pods-AgoraEducation.qatestrelease.xcconfig */,
				D58F6327530BE8AC6BB7A5A6 /* Pods-AgoraEducation.qatestnewrelease.xcconfig */,
			);
			path = Pods;
			sourceTree = "<group>";
		};
		E01323DE5BE7ACD24D968F1E /* Frameworks */ = {
			isa = PBXGroup;
			children = (
				787A004125D10FC10063456F /* AudioToolbox.framework */,
				785D12F924CEB25700F7A8AB /* EduSDK.framework */,
				785D12F624CEB25200F7A8AB /* AgoraWhiteBoard.framework */,
				785D12F224CEB24E00F7A8AB /* AgoraReplayUI.framework */,
				78136274242C820700B7D1FE /* Security.framework */,
				78136273242C81FF00B7D1FE /* libiconv.tbd */,
				78136271242C81ED00B7D1FE /* libz.tbd */,
				1AE0D0A622897ECD0092AC5E /* libc++.tbd */,
				1AE0D0A422897EC40092AC5E /* libresolv.tbd */,
				1AE0D0A222897EA60092AC5E /* CoreTelephony.framework */,
				1AE0D0A022897E9A0092AC5E /* SystemConfiguration.framework */,
				76A4F1D25B13050F999DB322 /* Pods_AgoraEducation.framework */,
			);
			name = Frameworks;
			sourceTree = "<group>";
		};
/* End PBXGroup section */

/* Begin PBXNativeTarget section */
		1AE0D0032283C5F20092AC5E /* AgoraEducation */ = {
			isa = PBXNativeTarget;
			buildConfigurationList = 1AE0D0302283C5F40092AC5E /* Build configuration list for PBXNativeTarget "AgoraEducation" */;
			buildPhases = (
				CC49100FDE030D72EE28DCAE /* [CP] Check Pods Manifest.lock */,
				1AE0D0002283C5F20092AC5E /* Sources */,
				1AE0D0012283C5F20092AC5E /* Frameworks */,
				1AE0D0022283C5F20092AC5E /* Resources */,
				9CCF3ABB7D45F972FD1E62D9 /* [CP] Embed Pods Frameworks */,
				FC5F4F0CECF1871AF366D755 /* [CP] Copy Pods Resources */,
				68A5E3F02636770B00E3C37E /* Write Publish Date */,
			);
			buildRules = (
			);
			dependencies = (
			);
			name = AgoraEducation;
			productName = AgoraSmallClass;
			productReference = 1AE0D0042283C5F20092AC5E /* AgoraCloudClass.app */;
			productType = "com.apple.product-type.application";
		};
		1AE0D01B2283C5F40092AC5E /* AgoraEducationTests */ = {
			isa = PBXNativeTarget;
			buildConfigurationList = 1AE0D0332283C5F40092AC5E /* Build configuration list for PBXNativeTarget "AgoraEducationTests" */;
			buildPhases = (
				1AE0D0182283C5F40092AC5E /* Sources */,
				1AE0D0192283C5F40092AC5E /* Frameworks */,
				1AE0D01A2283C5F40092AC5E /* Resources */,
			);
			buildRules = (
			);
			dependencies = (
				1AE0D01E2283C5F40092AC5E /* PBXTargetDependency */,
			);
			name = AgoraEducationTests;
			productName = AgoraSmallClassTests;
			productReference = 1AE0D01C2283C5F40092AC5E /* AgoraEducationTests.xctest */;
			productType = "com.apple.product-type.bundle.unit-test";
		};
		1AE0D0262283C5F40092AC5E /* AgoraEducationUITests */ = {
			isa = PBXNativeTarget;
			buildConfigurationList = 1AE0D0362283C5F40092AC5E /* Build configuration list for PBXNativeTarget "AgoraEducationUITests" */;
			buildPhases = (
				1AE0D0232283C5F40092AC5E /* Sources */,
				1AE0D0242283C5F40092AC5E /* Frameworks */,
				1AE0D0252283C5F40092AC5E /* Resources */,
			);
			buildRules = (
			);
			dependencies = (
				1AE0D0292283C5F40092AC5E /* PBXTargetDependency */,
			);
			name = AgoraEducationUITests;
			productName = AgoraSmallClassUITests;
			productReference = 1AE0D0272283C5F40092AC5E /* AgoraEducationUITests.xctest */;
			productType = "com.apple.product-type.bundle.ui-testing";
		};
/* End PBXNativeTarget section */

/* Begin PBXProject section */
		1AE0CFFC2283C5F20092AC5E /* Project object */ = {
			isa = PBXProject;
			attributes = {
				LastUpgradeCheck = 1250;
				ORGANIZATIONNAME = Agora;
				TargetAttributes = {
					1AE0D0032283C5F20092AC5E = {
						CreatedOnToolsVersion = 10.2.1;
						LastSwiftMigration = 1200;
						SystemCapabilities = {
							com.apple.BackgroundModes = {
								enabled = 1;
							};
						};
					};
					1AE0D01B2283C5F40092AC5E = {
						CreatedOnToolsVersion = 10.2.1;
						TestTargetID = 1AE0D0032283C5F20092AC5E;
					};
					1AE0D0262283C5F40092AC5E = {
						CreatedOnToolsVersion = 10.2.1;
						TestTargetID = 1AE0D0032283C5F20092AC5E;
					};
				};
			};
			buildConfigurationList = 1AE0CFFF2283C5F20092AC5E /* Build configuration list for PBXProject "AgoraEducation" */;
			compatibilityVersion = "Xcode 9.3";
			developmentRegion = en;
			hasScannedForEncodings = 0;
			knownRegions = (
				en,
				Base,
				"zh-Hans",
			);
			mainGroup = 1AE0CFFB2283C5F20092AC5E;
			productRefGroup = 1AE0D0052283C5F20092AC5E /* Products */;
			projectDirPath = "";
			projectRoot = "";
			targets = (
				1AE0D0032283C5F20092AC5E /* AgoraEducation */,
				1AE0D01B2283C5F40092AC5E /* AgoraEducationTests */,
				1AE0D0262283C5F40092AC5E /* AgoraEducationUITests */,
			);
		};
/* End PBXProject section */

/* Begin PBXResourcesBuildPhase section */
		1AE0D0022283C5F20092AC5E /* Resources */ = {
			isa = PBXResourcesBuildPhase;
			buildActionMask = 2147483647;
			files = (
				7813B70223FA5A0300265830 /* LaunchScreen.storyboard in Resources */,
				586A17E326986E2D00112777 /* privacy.storyboard in Resources */,
				7878B4C523FA72EE00AF1B4F /* Localizable.strings in Resources */,
				586A17DC26986DFA00112777 /* Agora_Privacy_Policy_en.rtf in Resources */,
				1A44BE7522BF863000766274 /* Assets.xcassets in Resources */,
				586A17DB26986DFA00112777 /* Agora_Privacy_Policy_cn.rtf in Resources */,
				78D7314823B3964400D2146C /* README.zh.md in Resources */,
				7801A89D25DB7D9D00C63ABF /* DebugViewController.xib in Resources */,
				7878B4CB23FA735700AF1B4F /* InfoPlist.strings in Resources */,
				78D7314723B3964400D2146C /* README.md in Resources */,
			);
			runOnlyForDeploymentPostprocessing = 0;
		};
		1AE0D01A2283C5F40092AC5E /* Resources */ = {
			isa = PBXResourcesBuildPhase;
			buildActionMask = 2147483647;
			files = (
			);
			runOnlyForDeploymentPostprocessing = 0;
		};
		1AE0D0252283C5F40092AC5E /* Resources */ = {
			isa = PBXResourcesBuildPhase;
			buildActionMask = 2147483647;
			files = (
			);
			runOnlyForDeploymentPostprocessing = 0;
		};
/* End PBXResourcesBuildPhase section */

/* Begin PBXShellScriptBuildPhase section */
		68A5E3F02636770B00E3C37E /* Write Publish Date */ = {
			isa = PBXShellScriptBuildPhase;
			buildActionMask = 2147483647;
			files = (
			);
			inputFileListPaths = (
			);
			inputPaths = (
			);
			name = "Write Publish Date";
			outputFileListPaths = (
			);
			outputPaths = (
			);
			runOnlyForDeploymentPostprocessing = 0;
			shellPath = /bin/sh;
			shellScript = "# Type a script or drag a script file from your workspace to insert its path.\ntime=$(date \"+%Y.%m.%d\")\npublishLine=`grep -n \"publishDate\" $SRCROOT/KeyCenter.m | cut -d \":\" -f 1`\nsed -i '' \"$(($publishLine+1))s/@\\\".*\\\"/@\\\"$time\\\"/g\"  $SRCROOT/KeyCenter.m\n";
		};
		9CCF3ABB7D45F972FD1E62D9 /* [CP] Embed Pods Frameworks */ = {
			isa = PBXShellScriptBuildPhase;
			buildActionMask = 12;
			files = (
			);
			inputFileListPaths = (
				"${PODS_ROOT}/Target Support Files/Pods-AgoraEducation/Pods-AgoraEducation-frameworks-${CONFIGURATION}-input-files.xcfilelist",
			);
			name = "[CP] Embed Pods Frameworks";
			outputFileListPaths = (
				"${PODS_ROOT}/Target Support Files/Pods-AgoraEducation/Pods-AgoraEducation-frameworks-${CONFIGURATION}-output-files.xcfilelist",
			);
			runOnlyForDeploymentPostprocessing = 0;
			shellPath = /bin/sh;
			shellScript = "\"${PODS_ROOT}/Target Support Files/Pods-AgoraEducation/Pods-AgoraEducation-frameworks.sh\"\n";
			showEnvVarsInLog = 0;
		};
		CC49100FDE030D72EE28DCAE /* [CP] Check Pods Manifest.lock */ = {
			isa = PBXShellScriptBuildPhase;
			buildActionMask = 2147483647;
			files = (
			);
			inputFileListPaths = (
			);
			inputPaths = (
				"${PODS_PODFILE_DIR_PATH}/Podfile.lock",
				"${PODS_ROOT}/Manifest.lock",
			);
			name = "[CP] Check Pods Manifest.lock";
			outputFileListPaths = (
			);
			outputPaths = (
				"$(DERIVED_FILE_DIR)/Pods-AgoraEducation-checkManifestLockResult.txt",
			);
			runOnlyForDeploymentPostprocessing = 0;
			shellPath = /bin/sh;
			shellScript = "diff \"${PODS_PODFILE_DIR_PATH}/Podfile.lock\" \"${PODS_ROOT}/Manifest.lock\" > /dev/null\nif [ $? != 0 ] ; then\n    # print error to STDERR\n    echo \"error: The sandbox is not in sync with the Podfile.lock. Run 'pod install' or update your CocoaPods installation.\" >&2\n    exit 1\nfi\n# This output is used by Xcode 'outputs' to avoid re-running this script phase.\necho \"SUCCESS\" > \"${SCRIPT_OUTPUT_FILE_0}\"\n";
			showEnvVarsInLog = 0;
		};
		FC5F4F0CECF1871AF366D755 /* [CP] Copy Pods Resources */ = {
			isa = PBXShellScriptBuildPhase;
			buildActionMask = 2147483647;
			files = (
			);
			inputFileListPaths = (
				"${PODS_ROOT}/Target Support Files/Pods-AgoraEducation/Pods-AgoraEducation-resources-${CONFIGURATION}-input-files.xcfilelist",
			);
			name = "[CP] Copy Pods Resources";
			outputFileListPaths = (
				"${PODS_ROOT}/Target Support Files/Pods-AgoraEducation/Pods-AgoraEducation-resources-${CONFIGURATION}-output-files.xcfilelist",
			);
			runOnlyForDeploymentPostprocessing = 0;
			shellPath = /bin/sh;
			shellScript = "\"${PODS_ROOT}/Target Support Files/Pods-AgoraEducation/Pods-AgoraEducation-resources.sh\"\n";
			showEnvVarsInLog = 0;
		};
/* End PBXShellScriptBuildPhase section */

/* Begin PBXSourcesBuildPhase section */
		1AE0D0002283C5F20092AC5E /* Sources */ = {
			isa = PBXSourcesBuildPhase;
			buildActionMask = 2147483647;
			files = (
				688809E82629358800B5FB2A /* MainViewController.swift in Sources */,
				78ADF11A26C02FB200BF44F4 /* AnswerExtApp.m in Sources */,
				78DFB61525AE93C100B01906 /* AgoraEducationHTTPClient.m in Sources */,
				783FB6E0240D0746007298C1 /* UIView+Toast.m in Sources */,
				687AFBB22646BC2C004E5A34 /* SingleTimeView.swift in Sources */,
				68A5E2F12635557B00E3C37E /* AboutView.swift in Sources */,
				6888099F2628383700B5FB2A /* ChooseTableView.swift in Sources */,
				787485F825AB155F0022329D /* KeyCenter.m in Sources */,
				68A5E2AB2635143400E3C37E /* AboutTableCell.swift in Sources */,
				1A44BE7B22BF863000766274 /* AppDelegate.m in Sources */,
				78DFB69925AEE20B00B01906 /* md5.cpp in Sources */,
				586A17DE26986E0D00112777 /* TermsAndPolicyViewController.swift in Sources */,
				687AFBAF2646BBAD004E5A34 /* CountDownContainerView.swift in Sources */,
				683622D6262AC4620028F7F5 /* DisclaimerView.swift in Sources */,
				6888099A262825FC00B5FB2A /* LoginViewController.swift in Sources */,
				687AFC2A264AA84A004E5A34 /* SingleTimeGroup.swift in Sources */,
				78DFB69825AEE20B00B01906 /* RtmTokenTool.mm in Sources */,
				8654871F261EE6C70025ADCB /* WhiteBoardExtApp.m in Sources */,
				586A17E026986E1800112777 /* TermsAndPolicyView.swift in Sources */,
				783FB6DC240D0746007298C1 /* AlertViewUtil.m in Sources */,
				787485FF25AB176C0022329D /* UIColor+Addition.m in Sources */,
				68362357262D30C20028F7F5 /* BaseLoginObject.swift in Sources */,
				86F80252262589AF00364FFE /* CountDownExtApp.m in Sources */,
				7801A89C25DB7D9D00C63ABF /* DebugViewController.swift in Sources */,
				1A44BE7A22BF863000766274 /* main.m in Sources */,
				78DFB67725AECAF600B01906 /* TokenBuilder.m in Sources */,
			);
			runOnlyForDeploymentPostprocessing = 0;
		};
		1AE0D0182283C5F40092AC5E /* Sources */ = {
			isa = PBXSourcesBuildPhase;
			buildActionMask = 2147483647;
			files = (
			);
			runOnlyForDeploymentPostprocessing = 0;
		};
		1AE0D0232283C5F40092AC5E /* Sources */ = {
			isa = PBXSourcesBuildPhase;
			buildActionMask = 2147483647;
			files = (
			);
			runOnlyForDeploymentPostprocessing = 0;
		};
/* End PBXSourcesBuildPhase section */

/* Begin PBXTargetDependency section */
		1AE0D01E2283C5F40092AC5E /* PBXTargetDependency */ = {
			isa = PBXTargetDependency;
			target = 1AE0D0032283C5F20092AC5E /* AgoraEducation */;
			targetProxy = 1AE0D01D2283C5F40092AC5E /* PBXContainerItemProxy */;
		};
		1AE0D0292283C5F40092AC5E /* PBXTargetDependency */ = {
			isa = PBXTargetDependency;
			target = 1AE0D0032283C5F20092AC5E /* AgoraEducation */;
			targetProxy = 1AE0D0282283C5F40092AC5E /* PBXContainerItemProxy */;
		};
/* End PBXTargetDependency section */

/* Begin PBXVariantGroup section */
		586A17E526986E2D00112777 /* privacy.storyboard */ = {
			isa = PBXVariantGroup;
			children = (
				586A17E426986E2D00112777 /* Base */,
				586A17E726986E3200112777 /* en */,
				586A17E926986E3300112777 /* zh-Hans */,
			);
			name = privacy.storyboard;
			sourceTree = "<group>";
		};
		7813B6F623FA5A0300265830 /* LaunchScreen.storyboard */ = {
			isa = PBXVariantGroup;
			children = (
				7813B6F723FA5A0300265830 /* Base */,
				7813B72723FA5BDA00265830 /* zh-Hans */,
				7813B72E23FA5C1200265830 /* en */,
			);
			name = LaunchScreen.storyboard;
			sourceTree = "<group>";
		};
		7878B4C723FA72EE00AF1B4F /* Localizable.strings */ = {
			isa = PBXVariantGroup;
			children = (
				7878B4C623FA72EE00AF1B4F /* en */,
				7878B4C823FA72F200AF1B4F /* zh-Hans */,
			);
			name = Localizable.strings;
			sourceTree = "<group>";
		};
		7878B4CD23FA735700AF1B4F /* InfoPlist.strings */ = {
			isa = PBXVariantGroup;
			children = (
				7878B4CC23FA735700AF1B4F /* en */,
				7878B4CE23FA735A00AF1B4F /* zh-Hans */,
			);
			name = InfoPlist.strings;
			sourceTree = "<group>";
		};
/* End PBXVariantGroup section */

/* Begin XCBuildConfiguration section */
		1AE0D02E2283C5F40092AC5E /* Debug */ = {
			isa = XCBuildConfiguration;
			buildSettings = {
				ALWAYS_SEARCH_USER_PATHS = NO;
				CLANG_ANALYZER_LOCALIZABILITY_NONLOCALIZED = YES;
				CLANG_ANALYZER_NONNULL = YES;
				CLANG_ANALYZER_NUMBER_OBJECT_CONVERSION = YES_AGGRESSIVE;
				CLANG_CXX_LANGUAGE_STANDARD = "gnu++14";
				CLANG_CXX_LIBRARY = "libc++";
				CLANG_ENABLE_MODULES = YES;
				CLANG_ENABLE_OBJC_ARC = YES;
				CLANG_ENABLE_OBJC_WEAK = YES;
				CLANG_WARN_BLOCK_CAPTURE_AUTORELEASING = YES;
				CLANG_WARN_BOOL_CONVERSION = YES;
				CLANG_WARN_COMMA = YES;
				CLANG_WARN_CONSTANT_CONVERSION = YES;
				CLANG_WARN_DEPRECATED_OBJC_IMPLEMENTATIONS = YES;
				CLANG_WARN_DIRECT_OBJC_ISA_USAGE = YES_ERROR;
				CLANG_WARN_DOCUMENTATION_COMMENTS = YES;
				CLANG_WARN_EMPTY_BODY = YES;
				CLANG_WARN_ENUM_CONVERSION = YES;
				CLANG_WARN_INFINITE_RECURSION = YES;
				CLANG_WARN_INT_CONVERSION = YES;
				CLANG_WARN_NON_LITERAL_NULL_CONVERSION = YES;
				CLANG_WARN_OBJC_IMPLICIT_RETAIN_SELF = YES;
				CLANG_WARN_OBJC_LITERAL_CONVERSION = YES;
				CLANG_WARN_OBJC_ROOT_CLASS = YES_ERROR;
				CLANG_WARN_QUOTED_INCLUDE_IN_FRAMEWORK_HEADER = YES;
				CLANG_WARN_RANGE_LOOP_ANALYSIS = YES;
				CLANG_WARN_STRICT_PROTOTYPES = YES;
				CLANG_WARN_SUSPICIOUS_MOVE = YES;
				CLANG_WARN_UNGUARDED_AVAILABILITY = YES_AGGRESSIVE;
				CLANG_WARN_UNREACHABLE_CODE = YES;
				CLANG_WARN__DUPLICATE_METHOD_MATCH = YES;
				CODE_SIGN_IDENTITY = "iPhone Developer";
				COPY_PHASE_STRIP = NO;
				DEBUG_INFORMATION_FORMAT = dwarf;
				ENABLE_STRICT_OBJC_MSGSEND = YES;
				ENABLE_TESTABILITY = YES;
				GCC_C_LANGUAGE_STANDARD = gnu11;
				GCC_DYNAMIC_NO_PIC = NO;
				GCC_NO_COMMON_BLOCKS = YES;
				GCC_OPTIMIZATION_LEVEL = 0;
				GCC_PREPROCESSOR_DEFINITIONS = (
					"DEBUG=1",
					"$(inherited)",
				);
				GCC_WARN_64_TO_32_BIT_CONVERSION = YES;
				GCC_WARN_ABOUT_RETURN_TYPE = YES_ERROR;
				GCC_WARN_UNDECLARED_SELECTOR = YES;
				GCC_WARN_UNINITIALIZED_AUTOS = YES_AGGRESSIVE;
				GCC_WARN_UNUSED_FUNCTION = YES;
				GCC_WARN_UNUSED_VARIABLE = YES;
				IPHONEOS_DEPLOYMENT_TARGET = 10.0;
				MTL_ENABLE_DEBUG_INFO = INCLUDE_SOURCE;
				MTL_FAST_MATH = YES;
				ONLY_ACTIVE_ARCH = YES;
				SDKROOT = iphoneos;
			};
			name = Debug;
		};
		1AE0D02F2283C5F40092AC5E /* Release */ = {
			isa = XCBuildConfiguration;
			buildSettings = {
				ALWAYS_SEARCH_USER_PATHS = NO;
				CLANG_ANALYZER_LOCALIZABILITY_NONLOCALIZED = YES;
				CLANG_ANALYZER_NONNULL = YES;
				CLANG_ANALYZER_NUMBER_OBJECT_CONVERSION = YES_AGGRESSIVE;
				CLANG_CXX_LANGUAGE_STANDARD = "gnu++14";
				CLANG_CXX_LIBRARY = "libc++";
				CLANG_ENABLE_MODULES = YES;
				CLANG_ENABLE_OBJC_ARC = YES;
				CLANG_ENABLE_OBJC_WEAK = YES;
				CLANG_WARN_BLOCK_CAPTURE_AUTORELEASING = YES;
				CLANG_WARN_BOOL_CONVERSION = YES;
				CLANG_WARN_COMMA = YES;
				CLANG_WARN_CONSTANT_CONVERSION = YES;
				CLANG_WARN_DEPRECATED_OBJC_IMPLEMENTATIONS = YES;
				CLANG_WARN_DIRECT_OBJC_ISA_USAGE = YES_ERROR;
				CLANG_WARN_DOCUMENTATION_COMMENTS = YES;
				CLANG_WARN_EMPTY_BODY = YES;
				CLANG_WARN_ENUM_CONVERSION = YES;
				CLANG_WARN_INFINITE_RECURSION = YES;
				CLANG_WARN_INT_CONVERSION = YES;
				CLANG_WARN_NON_LITERAL_NULL_CONVERSION = YES;
				CLANG_WARN_OBJC_IMPLICIT_RETAIN_SELF = YES;
				CLANG_WARN_OBJC_LITERAL_CONVERSION = YES;
				CLANG_WARN_OBJC_ROOT_CLASS = YES_ERROR;
				CLANG_WARN_QUOTED_INCLUDE_IN_FRAMEWORK_HEADER = YES;
				CLANG_WARN_RANGE_LOOP_ANALYSIS = YES;
				CLANG_WARN_STRICT_PROTOTYPES = YES;
				CLANG_WARN_SUSPICIOUS_MOVE = YES;
				CLANG_WARN_UNGUARDED_AVAILABILITY = YES_AGGRESSIVE;
				CLANG_WARN_UNREACHABLE_CODE = YES;
				CLANG_WARN__DUPLICATE_METHOD_MATCH = YES;
				CODE_SIGN_IDENTITY = "iPhone Developer";
				COPY_PHASE_STRIP = NO;
				DEBUG_INFORMATION_FORMAT = "dwarf-with-dsym";
				ENABLE_NS_ASSERTIONS = NO;
				ENABLE_STRICT_OBJC_MSGSEND = YES;
				GCC_C_LANGUAGE_STANDARD = gnu11;
				GCC_NO_COMMON_BLOCKS = YES;
				GCC_WARN_64_TO_32_BIT_CONVERSION = YES;
				GCC_WARN_ABOUT_RETURN_TYPE = YES_ERROR;
				GCC_WARN_UNDECLARED_SELECTOR = YES;
				GCC_WARN_UNINITIALIZED_AUTOS = YES_AGGRESSIVE;
				GCC_WARN_UNUSED_FUNCTION = YES;
				GCC_WARN_UNUSED_VARIABLE = YES;
				IPHONEOS_DEPLOYMENT_TARGET = 10.0;
				MTL_ENABLE_DEBUG_INFO = NO;
				MTL_FAST_MATH = YES;
				SDKROOT = iphoneos;
				SWIFT_COMPILATION_MODE = wholemodule;
				VALIDATE_PRODUCT = YES;
			};
			name = Release;
		};
		1AE0D0312283C5F40092AC5E /* Debug */ = {
			isa = XCBuildConfiguration;
			baseConfigurationReference = 40B28313D80C71B4DA8D643D /* Pods-AgoraEducation.debug.xcconfig */;
			buildSettings = {
				ASSETCATALOG_COMPILER_APPICON_NAME = AppIcon;
				CLANG_ENABLE_MODULES = YES;
				CODE_SIGN_IDENTITY = "iPhone Developer";
				CODE_SIGN_STYLE = Manual;
				CURRENT_PROJECT_VERSION = 21;
				DEBUG_INFORMATION_FORMAT = "dwarf-with-dsym";
				DEFINES_MODULE = YES;
				DEVELOPMENT_TEAM = GM72UGLGZW;
				ENABLE_BITCODE = NO;
				FRAMEWORK_SEARCH_PATHS = (
					"$(inherited)",
					"$(PROJECT_DIR)",
					"$(PROJECT_DIR)/AgoraEducation",
				);
				GCC_PRECOMPILE_PREFIX_HEADER = YES;
				GCC_PREFIX_HEADER = "";
				GCC_PREPROCESSOR_DEFINITIONS = (
					"$(inherited)",
					"COCOAPODS=1",
				);
				HEADER_SEARCH_PATHS = (
					"$(inherited)",
					"\"${PODS_CONFIGURATION_BUILD_DIR}/AFNetworking/AFNetworking.framework/Headers\"",
					"\"${PODS_CONFIGURATION_BUILD_DIR}/AgoraActionProcess/AgoraActionProcess.framework/Headers\"",
					"\"${PODS_CONFIGURATION_BUILD_DIR}/AgoraEduSDK/AgoraEduSDK.framework/Headers\"",
					"\"${PODS_CONFIGURATION_BUILD_DIR}/AgoraHandsUp/AgoraHandsUp.framework/Headers\"",
					"\"${PODS_CONFIGURATION_BUILD_DIR}/AgoraLog/AgoraLog.framework/Headers\"",
					"\"${PODS_CONFIGURATION_BUILD_DIR}/AgoraWhiteBoard/AgoraWhiteBoard.framework/Headers\"",
					"\"${PODS_CONFIGURATION_BUILD_DIR}/AliyunOSSiOS/AliyunOSSiOS.framework/Headers\"",
					"\"${PODS_CONFIGURATION_BUILD_DIR}/CocoaLumberjack/CocoaLumberjack.framework/Headers\"",
					"\"${PODS_CONFIGURATION_BUILD_DIR}/EduSDK/EduSDK.framework/Headers\"",
					"\"${PODS_CONFIGURATION_BUILD_DIR}/Whiteboard/Whiteboard.framework/Headers\"",
					"\"${PODS_CONFIGURATION_BUILD_DIR}/YYModel/YYModel.framework/Headers\"",
					"\"${PODS_CONFIGURATION_BUILD_DIR}/dsBridge/dsBridge.framework/Headers\"",
					"\"${PODS_ROOT}/Headers/Public\"",
					"\"${PODS_ROOT}/Headers/Public/OpenSSL-Universal\"",
				);
				INFOPLIST_FILE = "AgoraEducation/Supporting Files/Info.plist";
				IPHONEOS_DEPLOYMENT_TARGET = 10.0;
				LD_RUNPATH_SEARCH_PATHS = (
					"$(inherited)",
					"@executable_path/Frameworks",
				);
				MARKETING_VERSION = 1.1.3;
				OTHER_SWIFT_FLAGS = "$(inherited) -D COCOAPODS";
				PRODUCT_BUNDLE_IDENTIFIER = io.agora.AgoraEducation;
				PRODUCT_NAME = AgoraCloudClass;
				PROVISIONING_PROFILE_SPECIFIER = App;
				STRIP_STYLE = "non-global";
				STRIP_SWIFT_SYMBOLS = NO;
				SUPPORTED_PLATFORMS = "iphonesimulator iphoneos";
				SWIFT_ACTIVE_COMPILATION_CONDITIONS = "";
				SWIFT_OBJC_BRIDGING_HEADER = "AgoraEducation/Supporting Files/AgoraEducation-Bridging-Header.h";
				SWIFT_OPTIMIZATION_LEVEL = "-Onone";
				SWIFT_VERSION = 5.0;
				TARGETED_DEVICE_FAMILY = "1,2";
			};
			name = Debug;
		};
		1AE0D0322283C5F40092AC5E /* Release */ = {
			isa = XCBuildConfiguration;
			baseConfigurationReference = 4EAA54960A24224AEAEC570D /* Pods-AgoraEducation.release.xcconfig */;
			buildSettings = {
				ASSETCATALOG_COMPILER_APPICON_NAME = AppIcon;
				CLANG_ENABLE_MODULES = YES;
				CODE_SIGN_IDENTITY = "iPhone Distribution";
				CODE_SIGN_STYLE = Manual;
				CURRENT_PROJECT_VERSION = 21;
				DEFINES_MODULE = YES;
				DEVELOPMENT_TEAM = 48TB6ZZL5S;
				ENABLE_BITCODE = NO;
				FRAMEWORK_SEARCH_PATHS = (
					"$(inherited)",
					"$(PROJECT_DIR)",
					"$(PROJECT_DIR)/AgoraEducation",
				);
				GCC_PRECOMPILE_PREFIX_HEADER = YES;
				GCC_PREFIX_HEADER = "";
				GCC_PREPROCESSOR_DEFINITIONS = (
					"$(inherited)",
					"COCOAPODS=1",
				);
				HEADER_SEARCH_PATHS = (
					"$(inherited)",
					"\"${PODS_CONFIGURATION_BUILD_DIR}/AFNetworking/AFNetworking.framework/Headers\"",
					"\"${PODS_CONFIGURATION_BUILD_DIR}/AgoraActionProcess/AgoraActionProcess.framework/Headers\"",
					"\"${PODS_CONFIGURATION_BUILD_DIR}/AgoraEduSDK/AgoraEduSDK.framework/Headers\"",
					"\"${PODS_CONFIGURATION_BUILD_DIR}/AgoraHandsUp/AgoraHandsUp.framework/Headers\"",
					"\"${PODS_CONFIGURATION_BUILD_DIR}/AgoraLog/AgoraLog.framework/Headers\"",
					"\"${PODS_CONFIGURATION_BUILD_DIR}/AgoraWhiteBoard/AgoraWhiteBoard.framework/Headers\"",
					"\"${PODS_CONFIGURATION_BUILD_DIR}/AliyunOSSiOS/AliyunOSSiOS.framework/Headers\"",
					"\"${PODS_CONFIGURATION_BUILD_DIR}/CocoaLumberjack/CocoaLumberjack.framework/Headers\"",
					"\"${PODS_CONFIGURATION_BUILD_DIR}/EduSDK/EduSDK.framework/Headers\"",
					"\"${PODS_CONFIGURATION_BUILD_DIR}/Whiteboard/Whiteboard.framework/Headers\"",
					"\"${PODS_CONFIGURATION_BUILD_DIR}/YYModel/YYModel.framework/Headers\"",
					"\"${PODS_CONFIGURATION_BUILD_DIR}/dsBridge/dsBridge.framework/Headers\"",
					"\"${PODS_ROOT}/Headers/Public\"",
					"\"${PODS_ROOT}/Headers/Public/OpenSSL-Universal\"",
				);
				INFOPLIST_FILE = "AgoraEducation/Supporting Files/Info.plist";
				IPHONEOS_DEPLOYMENT_TARGET = 10.0;
				LD_RUNPATH_SEARCH_PATHS = (
					"$(inherited)",
					"@executable_path/Frameworks",
				);
				MARKETING_VERSION = 1.1.3;
				OTHER_SWIFT_FLAGS = "$(inherited) -D COCOAPODS";
				PRODUCT_BUNDLE_IDENTIFIER = io.agora.AgoraFlexEduDis;
				PRODUCT_NAME = AgoraCloudClass;
				PROVISIONING_PROFILE_SPECIFIER = FlexiableClassroom_AppStore;
				STRIP_STYLE = "non-global";
				STRIP_SWIFT_SYMBOLS = NO;
				SUPPORTED_PLATFORMS = "iphonesimulator iphoneos";
				SWIFT_ACTIVE_COMPILATION_CONDITIONS = "";
				SWIFT_OBJC_BRIDGING_HEADER = "AgoraEducation/Supporting Files/AgoraEducation-Bridging-Header.h";
				SWIFT_VERSION = 5.0;
				TARGETED_DEVICE_FAMILY = "1,2";
			};
			name = Release;
		};
		1AE0D0342283C5F40092AC5E /* Debug */ = {
			isa = XCBuildConfiguration;
			buildSettings = {
				ALWAYS_EMBED_SWIFT_STANDARD_LIBRARIES = YES;
				BUNDLE_LOADER = "$(TEST_HOST)";
				CODE_SIGN_STYLE = Automatic;
				INFOPLIST_FILE = AgoraSmallClassTests/Info.plist;
				LD_RUNPATH_SEARCH_PATHS = (
					"$(inherited)",
					"@executable_path/Frameworks",
					"@loader_path/Frameworks",
				);
				PRODUCT_BUNDLE_IDENTIFIER = io.agora.AgoraSmallClassTests;
				PRODUCT_NAME = "$(TARGET_NAME)";
				TARGETED_DEVICE_FAMILY = "1,2";
				TEST_HOST = "$(BUILT_PRODUCTS_DIR)/AgoraCloudClass.app/AgoraCloudClass";
			};
			name = Debug;
		};
		1AE0D0352283C5F40092AC5E /* Release */ = {
			isa = XCBuildConfiguration;
			buildSettings = {
				ALWAYS_EMBED_SWIFT_STANDARD_LIBRARIES = YES;
				BUNDLE_LOADER = "$(TEST_HOST)";
				CODE_SIGN_STYLE = Automatic;
				INFOPLIST_FILE = AgoraSmallClassTests/Info.plist;
				LD_RUNPATH_SEARCH_PATHS = (
					"$(inherited)",
					"@executable_path/Frameworks",
					"@loader_path/Frameworks",
				);
				PRODUCT_BUNDLE_IDENTIFIER = io.agora.AgoraSmallClassTests;
				PRODUCT_NAME = "$(TARGET_NAME)";
				TARGETED_DEVICE_FAMILY = "1,2";
				TEST_HOST = "$(BUILT_PRODUCTS_DIR)/AgoraCloudClass.app/AgoraCloudClass";
			};
			name = Release;
		};
		1AE0D0372283C5F40092AC5E /* Debug */ = {
			isa = XCBuildConfiguration;
			buildSettings = {
				ALWAYS_EMBED_SWIFT_STANDARD_LIBRARIES = YES;
				CODE_SIGN_STYLE = Automatic;
				INFOPLIST_FILE = AgoraSmallClassUITests/Info.plist;
				LD_RUNPATH_SEARCH_PATHS = (
					"$(inherited)",
					"@executable_path/Frameworks",
					"@loader_path/Frameworks",
				);
				PRODUCT_BUNDLE_IDENTIFIER = io.agora.AgoraSmallClassUITests;
				PRODUCT_NAME = "$(TARGET_NAME)";
				TARGETED_DEVICE_FAMILY = "1,2";
				TEST_TARGET_NAME = AgoraSmallClass;
			};
			name = Debug;
		};
		1AE0D0382283C5F40092AC5E /* Release */ = {
			isa = XCBuildConfiguration;
			buildSettings = {
				ALWAYS_EMBED_SWIFT_STANDARD_LIBRARIES = YES;
				CODE_SIGN_STYLE = Automatic;
				INFOPLIST_FILE = AgoraSmallClassUITests/Info.plist;
				LD_RUNPATH_SEARCH_PATHS = (
					"$(inherited)",
					"@executable_path/Frameworks",
					"@loader_path/Frameworks",
				);
				PRODUCT_BUNDLE_IDENTIFIER = io.agora.AgoraSmallClassUITests;
				PRODUCT_NAME = "$(TARGET_NAME)";
				TARGETED_DEVICE_FAMILY = "1,2";
				TEST_TARGET_NAME = AgoraSmallClass;
			};
			name = Release;
		};
		78515D3223FCCDCB0015B5EC /* DevRelease */ = {
			isa = XCBuildConfiguration;
			buildSettings = {
				ALWAYS_SEARCH_USER_PATHS = NO;
				CLANG_ANALYZER_LOCALIZABILITY_NONLOCALIZED = YES;
				CLANG_ANALYZER_NONNULL = YES;
				CLANG_ANALYZER_NUMBER_OBJECT_CONVERSION = YES_AGGRESSIVE;
				CLANG_CXX_LANGUAGE_STANDARD = "gnu++14";
				CLANG_CXX_LIBRARY = "libc++";
				CLANG_ENABLE_MODULES = YES;
				CLANG_ENABLE_OBJC_ARC = YES;
				CLANG_ENABLE_OBJC_WEAK = YES;
				CLANG_WARN_BLOCK_CAPTURE_AUTORELEASING = YES;
				CLANG_WARN_BOOL_CONVERSION = YES;
				CLANG_WARN_COMMA = YES;
				CLANG_WARN_CONSTANT_CONVERSION = YES;
				CLANG_WARN_DEPRECATED_OBJC_IMPLEMENTATIONS = YES;
				CLANG_WARN_DIRECT_OBJC_ISA_USAGE = YES_ERROR;
				CLANG_WARN_DOCUMENTATION_COMMENTS = YES;
				CLANG_WARN_EMPTY_BODY = YES;
				CLANG_WARN_ENUM_CONVERSION = YES;
				CLANG_WARN_INFINITE_RECURSION = YES;
				CLANG_WARN_INT_CONVERSION = YES;
				CLANG_WARN_NON_LITERAL_NULL_CONVERSION = YES;
				CLANG_WARN_OBJC_IMPLICIT_RETAIN_SELF = YES;
				CLANG_WARN_OBJC_LITERAL_CONVERSION = YES;
				CLANG_WARN_OBJC_ROOT_CLASS = YES_ERROR;
				CLANG_WARN_QUOTED_INCLUDE_IN_FRAMEWORK_HEADER = YES;
				CLANG_WARN_RANGE_LOOP_ANALYSIS = YES;
				CLANG_WARN_STRICT_PROTOTYPES = YES;
				CLANG_WARN_SUSPICIOUS_MOVE = YES;
				CLANG_WARN_UNGUARDED_AVAILABILITY = YES_AGGRESSIVE;
				CLANG_WARN_UNREACHABLE_CODE = YES;
				CLANG_WARN__DUPLICATE_METHOD_MATCH = YES;
				CODE_SIGN_IDENTITY = "iPhone Developer";
				COPY_PHASE_STRIP = NO;
				DEBUG_INFORMATION_FORMAT = "dwarf-with-dsym";
				ENABLE_NS_ASSERTIONS = NO;
				ENABLE_STRICT_OBJC_MSGSEND = YES;
				GCC_C_LANGUAGE_STANDARD = gnu11;
				GCC_NO_COMMON_BLOCKS = YES;
				GCC_WARN_64_TO_32_BIT_CONVERSION = YES;
				GCC_WARN_ABOUT_RETURN_TYPE = YES_ERROR;
				GCC_WARN_UNDECLARED_SELECTOR = YES;
				GCC_WARN_UNINITIALIZED_AUTOS = YES_AGGRESSIVE;
				GCC_WARN_UNUSED_FUNCTION = YES;
				GCC_WARN_UNUSED_VARIABLE = YES;
				IPHONEOS_DEPLOYMENT_TARGET = 10.0;
				MTL_ENABLE_DEBUG_INFO = NO;
				MTL_FAST_MATH = YES;
				SDKROOT = iphoneos;
				SWIFT_COMPILATION_MODE = wholemodule;
				VALIDATE_PRODUCT = YES;
			};
			name = DevRelease;
		};
		78515D3323FCCDCB0015B5EC /* DevRelease */ = {
			isa = XCBuildConfiguration;
			baseConfigurationReference = 3327573F8A98D9B63A402151 /* Pods-AgoraEducation.devrelease.xcconfig */;
			buildSettings = {
				ASSETCATALOG_COMPILER_APPICON_NAME = AppIcon;
				CLANG_ENABLE_MODULES = YES;
				CODE_SIGN_IDENTITY = "iPhone Developer";
				CODE_SIGN_STYLE = Manual;
				CURRENT_PROJECT_VERSION = 21;
				DEFINES_MODULE = YES;
				DEVELOPMENT_TEAM = GM72UGLGZW;
				ENABLE_BITCODE = NO;
				FRAMEWORK_SEARCH_PATHS = (
					"$(inherited)",
					"$(PROJECT_DIR)",
					"$(PROJECT_DIR)/AgoraEducation",
				);
				GCC_PRECOMPILE_PREFIX_HEADER = YES;
				GCC_PREFIX_HEADER = "";
				GCC_PREPROCESSOR_DEFINITIONS = (
					"$(inherited)",
					"COCOAPODS=1",
				);
				HEADER_SEARCH_PATHS = (
					"$(inherited)",
					"\"${PODS_CONFIGURATION_BUILD_DIR}/AFNetworking/AFNetworking.framework/Headers\"",
					"\"${PODS_CONFIGURATION_BUILD_DIR}/AgoraActionProcess/AgoraActionProcess.framework/Headers\"",
					"\"${PODS_CONFIGURATION_BUILD_DIR}/AgoraEduSDK/AgoraEduSDK.framework/Headers\"",
					"\"${PODS_CONFIGURATION_BUILD_DIR}/AgoraHandsUp/AgoraHandsUp.framework/Headers\"",
					"\"${PODS_CONFIGURATION_BUILD_DIR}/AgoraLog/AgoraLog.framework/Headers\"",
					"\"${PODS_CONFIGURATION_BUILD_DIR}/AgoraWhiteBoard/AgoraWhiteBoard.framework/Headers\"",
					"\"${PODS_CONFIGURATION_BUILD_DIR}/AliyunOSSiOS/AliyunOSSiOS.framework/Headers\"",
					"\"${PODS_CONFIGURATION_BUILD_DIR}/CocoaLumberjack/CocoaLumberjack.framework/Headers\"",
					"\"${PODS_CONFIGURATION_BUILD_DIR}/EduSDK/EduSDK.framework/Headers\"",
					"\"${PODS_CONFIGURATION_BUILD_DIR}/Whiteboard/Whiteboard.framework/Headers\"",
					"\"${PODS_CONFIGURATION_BUILD_DIR}/YYModel/YYModel.framework/Headers\"",
					"\"${PODS_CONFIGURATION_BUILD_DIR}/dsBridge/dsBridge.framework/Headers\"",
					"\"${PODS_ROOT}/Headers/Public\"",
					"\"${PODS_ROOT}/Headers/Public/OpenSSL-Universal\"",
				);
				INFOPLIST_FILE = "AgoraEducation/Supporting Files/Info.plist";
				IPHONEOS_DEPLOYMENT_TARGET = 10.0;
				LD_RUNPATH_SEARCH_PATHS = (
					"$(inherited)",
					"@executable_path/Frameworks",
				);
				MARKETING_VERSION = 1.1.3;
				OTHER_SWIFT_FLAGS = "$(inherited) -D COCOAPODS";
				PRODUCT_BUNDLE_IDENTIFIER = io.agora.AgoraEducation;
				PRODUCT_NAME = AgoraCloudClass;
				PROVISIONING_PROFILE_SPECIFIER = App;
				STRIP_STYLE = "non-global";
				STRIP_SWIFT_SYMBOLS = NO;
				SUPPORTED_PLATFORMS = "iphonesimulator iphoneos";
				SWIFT_ACTIVE_COMPILATION_CONDITIONS = "";
				SWIFT_OBJC_BRIDGING_HEADER = "AgoraEducation/Supporting Files/AgoraEducation-Bridging-Header.h";
				SWIFT_VERSION = 5.0;
				TARGETED_DEVICE_FAMILY = "1,2";
			};
			name = DevRelease;
		};
		78515D3423FCCDCB0015B5EC /* DevRelease */ = {
			isa = XCBuildConfiguration;
			buildSettings = {
				ALWAYS_EMBED_SWIFT_STANDARD_LIBRARIES = YES;
				BUNDLE_LOADER = "$(TEST_HOST)";
				CODE_SIGN_STYLE = Automatic;
				INFOPLIST_FILE = AgoraSmallClassTests/Info.plist;
				LD_RUNPATH_SEARCH_PATHS = (
					"$(inherited)",
					"@executable_path/Frameworks",
					"@loader_path/Frameworks",
				);
				PRODUCT_BUNDLE_IDENTIFIER = io.agora.AgoraSmallClassTests;
				PRODUCT_NAME = "$(TARGET_NAME)";
				TARGETED_DEVICE_FAMILY = "1,2";
				TEST_HOST = "$(BUILT_PRODUCTS_DIR)/AgoraCloudClass.app/AgoraCloudClass";
			};
			name = DevRelease;
		};
		78515D3523FCCDCB0015B5EC /* DevRelease */ = {
			isa = XCBuildConfiguration;
			buildSettings = {
				ALWAYS_EMBED_SWIFT_STANDARD_LIBRARIES = YES;
				CODE_SIGN_STYLE = Automatic;
				INFOPLIST_FILE = AgoraSmallClassUITests/Info.plist;
				LD_RUNPATH_SEARCH_PATHS = (
					"$(inherited)",
					"@executable_path/Frameworks",
					"@loader_path/Frameworks",
				);
				PRODUCT_BUNDLE_IDENTIFIER = io.agora.AgoraSmallClassUITests;
				PRODUCT_NAME = "$(TARGET_NAME)";
				TARGETED_DEVICE_FAMILY = "1,2";
				TEST_TARGET_NAME = AgoraSmallClass;
			};
			name = DevRelease;
		};
		7868EA4525DE8F4300D95021 /* QATestNewRelease */ = {
			isa = XCBuildConfiguration;
			buildSettings = {
				ALWAYS_SEARCH_USER_PATHS = NO;
				CLANG_ANALYZER_LOCALIZABILITY_NONLOCALIZED = YES;
				CLANG_ANALYZER_NONNULL = YES;
				CLANG_ANALYZER_NUMBER_OBJECT_CONVERSION = YES_AGGRESSIVE;
				CLANG_CXX_LANGUAGE_STANDARD = "gnu++14";
				CLANG_CXX_LIBRARY = "libc++";
				CLANG_ENABLE_MODULES = YES;
				CLANG_ENABLE_OBJC_ARC = YES;
				CLANG_ENABLE_OBJC_WEAK = YES;
				CLANG_WARN_BLOCK_CAPTURE_AUTORELEASING = YES;
				CLANG_WARN_BOOL_CONVERSION = YES;
				CLANG_WARN_COMMA = YES;
				CLANG_WARN_CONSTANT_CONVERSION = YES;
				CLANG_WARN_DEPRECATED_OBJC_IMPLEMENTATIONS = YES;
				CLANG_WARN_DIRECT_OBJC_ISA_USAGE = YES_ERROR;
				CLANG_WARN_DOCUMENTATION_COMMENTS = YES;
				CLANG_WARN_EMPTY_BODY = YES;
				CLANG_WARN_ENUM_CONVERSION = YES;
				CLANG_WARN_INFINITE_RECURSION = YES;
				CLANG_WARN_INT_CONVERSION = YES;
				CLANG_WARN_NON_LITERAL_NULL_CONVERSION = YES;
				CLANG_WARN_OBJC_IMPLICIT_RETAIN_SELF = YES;
				CLANG_WARN_OBJC_LITERAL_CONVERSION = YES;
				CLANG_WARN_OBJC_ROOT_CLASS = YES_ERROR;
				CLANG_WARN_QUOTED_INCLUDE_IN_FRAMEWORK_HEADER = YES;
				CLANG_WARN_RANGE_LOOP_ANALYSIS = YES;
				CLANG_WARN_STRICT_PROTOTYPES = YES;
				CLANG_WARN_SUSPICIOUS_MOVE = YES;
				CLANG_WARN_UNGUARDED_AVAILABILITY = YES_AGGRESSIVE;
				CLANG_WARN_UNREACHABLE_CODE = YES;
				CLANG_WARN__DUPLICATE_METHOD_MATCH = YES;
				CODE_SIGN_IDENTITY = "iPhone Developer";
				COPY_PHASE_STRIP = NO;
				DEBUG_INFORMATION_FORMAT = "dwarf-with-dsym";
				ENABLE_NS_ASSERTIONS = NO;
				ENABLE_STRICT_OBJC_MSGSEND = YES;
				GCC_C_LANGUAGE_STANDARD = gnu11;
				GCC_NO_COMMON_BLOCKS = YES;
				GCC_WARN_64_TO_32_BIT_CONVERSION = YES;
				GCC_WARN_ABOUT_RETURN_TYPE = YES_ERROR;
				GCC_WARN_UNDECLARED_SELECTOR = YES;
				GCC_WARN_UNINITIALIZED_AUTOS = YES_AGGRESSIVE;
				GCC_WARN_UNUSED_FUNCTION = YES;
				GCC_WARN_UNUSED_VARIABLE = YES;
				IPHONEOS_DEPLOYMENT_TARGET = 10.0;
				MTL_ENABLE_DEBUG_INFO = NO;
				MTL_FAST_MATH = YES;
				SDKROOT = iphoneos;
				SWIFT_COMPILATION_MODE = wholemodule;
				VALIDATE_PRODUCT = YES;
			};
			name = QATestNewRelease;
		};
		7868EA4625DE8F4300D95021 /* QATestNewRelease */ = {
			isa = XCBuildConfiguration;
			baseConfigurationReference = D58F6327530BE8AC6BB7A5A6 /* Pods-AgoraEducation.qatestnewrelease.xcconfig */;
			buildSettings = {
				ASSETCATALOG_COMPILER_APPICON_NAME = AppIcon;
				CLANG_ENABLE_MODULES = YES;
				CODE_SIGN_IDENTITY = "iPhone Developer";
				CODE_SIGN_STYLE = Manual;
				CURRENT_PROJECT_VERSION = 21;
				DEFINES_MODULE = YES;
				DEVELOPMENT_TEAM = PV44H27855;
				ENABLE_BITCODE = NO;
				FRAMEWORK_SEARCH_PATHS = (
					"$(inherited)",
					"$(PROJECT_DIR)",
					"$(PROJECT_DIR)/AgoraEducation",
				);
				GCC_PRECOMPILE_PREFIX_HEADER = YES;
				GCC_PREFIX_HEADER = "";
				GCC_PREPROCESSOR_DEFINITIONS = (
					"$(inherited)",
					"COCOAPODS=1",
				);
				HEADER_SEARCH_PATHS = (
					"$(inherited)",
					"\"${PODS_CONFIGURATION_BUILD_DIR}/AFNetworking/AFNetworking.framework/Headers\"",
					"\"${PODS_CONFIGURATION_BUILD_DIR}/AgoraActionProcess/AgoraActionProcess.framework/Headers\"",
					"\"${PODS_CONFIGURATION_BUILD_DIR}/AgoraEduSDK/AgoraEduSDK.framework/Headers\"",
					"\"${PODS_CONFIGURATION_BUILD_DIR}/AgoraHandsUp/AgoraHandsUp.framework/Headers\"",
					"\"${PODS_CONFIGURATION_BUILD_DIR}/AgoraLog/AgoraLog.framework/Headers\"",
					"\"${PODS_CONFIGURATION_BUILD_DIR}/AgoraWhiteBoard/AgoraWhiteBoard.framework/Headers\"",
					"\"${PODS_CONFIGURATION_BUILD_DIR}/AliyunOSSiOS/AliyunOSSiOS.framework/Headers\"",
					"\"${PODS_CONFIGURATION_BUILD_DIR}/CocoaLumberjack/CocoaLumberjack.framework/Headers\"",
					"\"${PODS_CONFIGURATION_BUILD_DIR}/EduSDK/EduSDK.framework/Headers\"",
					"\"${PODS_CONFIGURATION_BUILD_DIR}/Whiteboard/Whiteboard.framework/Headers\"",
					"\"${PODS_CONFIGURATION_BUILD_DIR}/YYModel/YYModel.framework/Headers\"",
					"\"${PODS_CONFIGURATION_BUILD_DIR}/dsBridge/dsBridge.framework/Headers\"",
					"\"${PODS_ROOT}/Headers/Public\"",
					"\"${PODS_ROOT}/Headers/Public/OpenSSL-Universal\"",
				);
				INFOPLIST_FILE = "AgoraEducation/Supporting Files/Info.plist";
				IPHONEOS_DEPLOYMENT_TARGET = 10.0;
				LD_RUNPATH_SEARCH_PATHS = (
					"$(inherited)",
					"@executable_path/Frameworks",
				);
				MARKETING_VERSION = 1.1.3;
				OTHER_SWIFT_FLAGS = "$(inherited) -D COCOAPODS";
				PRODUCT_BUNDLE_IDENTIFIER = io.agora.AgoraEducationQATestNew;
				PRODUCT_NAME = AgoraCloudClass;
				PROVISIONING_PROFILE_SPECIFIER = AgoraQA2021;
				STRIP_STYLE = "non-global";
				STRIP_SWIFT_SYMBOLS = NO;
				SUPPORTED_PLATFORMS = "iphonesimulator iphoneos";
				SWIFT_ACTIVE_COMPILATION_CONDITIONS = "";
				SWIFT_OBJC_BRIDGING_HEADER = "AgoraEducation/Supporting Files/AgoraEducation-Bridging-Header.h";
				SWIFT_VERSION = 5.0;
				TARGETED_DEVICE_FAMILY = "1,2";
			};
			name = QATestNewRelease;
		};
		7868EA4725DE8F4300D95021 /* QATestNewRelease */ = {
			isa = XCBuildConfiguration;
			buildSettings = {
				ALWAYS_EMBED_SWIFT_STANDARD_LIBRARIES = YES;
				BUNDLE_LOADER = "$(TEST_HOST)";
				CODE_SIGN_STYLE = Automatic;
				INFOPLIST_FILE = AgoraSmallClassTests/Info.plist;
				LD_RUNPATH_SEARCH_PATHS = (
					"$(inherited)",
					"@executable_path/Frameworks",
					"@loader_path/Frameworks",
				);
				PRODUCT_BUNDLE_IDENTIFIER = io.agora.AgoraSmallClassTests;
				PRODUCT_NAME = "$(TARGET_NAME)";
				TARGETED_DEVICE_FAMILY = "1,2";
				TEST_HOST = "$(BUILT_PRODUCTS_DIR)/AgoraCloudClass.app/AgoraCloudClass";
			};
			name = QATestNewRelease;
		};
		7868EA4825DE8F4300D95021 /* QATestNewRelease */ = {
			isa = XCBuildConfiguration;
			buildSettings = {
				ALWAYS_EMBED_SWIFT_STANDARD_LIBRARIES = YES;
				CODE_SIGN_STYLE = Automatic;
				INFOPLIST_FILE = AgoraSmallClassUITests/Info.plist;
				LD_RUNPATH_SEARCH_PATHS = (
					"$(inherited)",
					"@executable_path/Frameworks",
					"@loader_path/Frameworks",
				);
				PRODUCT_BUNDLE_IDENTIFIER = io.agora.AgoraSmallClassUITests;
				PRODUCT_NAME = "$(TARGET_NAME)";
				TARGETED_DEVICE_FAMILY = "1,2";
				TEST_TARGET_NAME = AgoraSmallClass;
			};
			name = QATestNewRelease;
		};
		78AED04623C58E5D00A24DDB /* QARelease */ = {
			isa = XCBuildConfiguration;
			buildSettings = {
				ALWAYS_SEARCH_USER_PATHS = NO;
				CLANG_ANALYZER_LOCALIZABILITY_NONLOCALIZED = YES;
				CLANG_ANALYZER_NONNULL = YES;
				CLANG_ANALYZER_NUMBER_OBJECT_CONVERSION = YES_AGGRESSIVE;
				CLANG_CXX_LANGUAGE_STANDARD = "gnu++14";
				CLANG_CXX_LIBRARY = "libc++";
				CLANG_ENABLE_MODULES = YES;
				CLANG_ENABLE_OBJC_ARC = YES;
				CLANG_ENABLE_OBJC_WEAK = YES;
				CLANG_WARN_BLOCK_CAPTURE_AUTORELEASING = YES;
				CLANG_WARN_BOOL_CONVERSION = YES;
				CLANG_WARN_COMMA = YES;
				CLANG_WARN_CONSTANT_CONVERSION = YES;
				CLANG_WARN_DEPRECATED_OBJC_IMPLEMENTATIONS = YES;
				CLANG_WARN_DIRECT_OBJC_ISA_USAGE = YES_ERROR;
				CLANG_WARN_DOCUMENTATION_COMMENTS = YES;
				CLANG_WARN_EMPTY_BODY = YES;
				CLANG_WARN_ENUM_CONVERSION = YES;
				CLANG_WARN_INFINITE_RECURSION = YES;
				CLANG_WARN_INT_CONVERSION = YES;
				CLANG_WARN_NON_LITERAL_NULL_CONVERSION = YES;
				CLANG_WARN_OBJC_IMPLICIT_RETAIN_SELF = YES;
				CLANG_WARN_OBJC_LITERAL_CONVERSION = YES;
				CLANG_WARN_OBJC_ROOT_CLASS = YES_ERROR;
				CLANG_WARN_QUOTED_INCLUDE_IN_FRAMEWORK_HEADER = YES;
				CLANG_WARN_RANGE_LOOP_ANALYSIS = YES;
				CLANG_WARN_STRICT_PROTOTYPES = YES;
				CLANG_WARN_SUSPICIOUS_MOVE = YES;
				CLANG_WARN_UNGUARDED_AVAILABILITY = YES_AGGRESSIVE;
				CLANG_WARN_UNREACHABLE_CODE = YES;
				CLANG_WARN__DUPLICATE_METHOD_MATCH = YES;
				CODE_SIGN_IDENTITY = "iPhone Developer";
				COPY_PHASE_STRIP = NO;
				DEBUG_INFORMATION_FORMAT = "dwarf-with-dsym";
				ENABLE_NS_ASSERTIONS = NO;
				ENABLE_STRICT_OBJC_MSGSEND = YES;
				GCC_C_LANGUAGE_STANDARD = gnu11;
				GCC_NO_COMMON_BLOCKS = YES;
				GCC_WARN_64_TO_32_BIT_CONVERSION = YES;
				GCC_WARN_ABOUT_RETURN_TYPE = YES_ERROR;
				GCC_WARN_UNDECLARED_SELECTOR = YES;
				GCC_WARN_UNINITIALIZED_AUTOS = YES_AGGRESSIVE;
				GCC_WARN_UNUSED_FUNCTION = YES;
				GCC_WARN_UNUSED_VARIABLE = YES;
				IPHONEOS_DEPLOYMENT_TARGET = 10.0;
				MTL_ENABLE_DEBUG_INFO = NO;
				MTL_FAST_MATH = YES;
				SDKROOT = iphoneos;
				SWIFT_COMPILATION_MODE = wholemodule;
				VALIDATE_PRODUCT = YES;
			};
			name = QARelease;
		};
		78AED04723C58E5D00A24DDB /* QARelease */ = {
			isa = XCBuildConfiguration;
			baseConfigurationReference = A5BFF93D50503E0756F47D98 /* Pods-AgoraEducation.qarelease.xcconfig */;
			buildSettings = {
				ASSETCATALOG_COMPILER_APPICON_NAME = AppIcon;
				CLANG_ENABLE_MODULES = YES;
				CODE_SIGN_IDENTITY = "iPhone Developer";
				CODE_SIGN_STYLE = Manual;
				CURRENT_PROJECT_VERSION = 21;
				DEFINES_MODULE = YES;
				DEVELOPMENT_TEAM = JDPG69R49Z;
				ENABLE_BITCODE = NO;
				FRAMEWORK_SEARCH_PATHS = (
					"$(inherited)",
					"$(PROJECT_DIR)",
					"$(PROJECT_DIR)/AgoraEducation",
				);
				GCC_PRECOMPILE_PREFIX_HEADER = YES;
				GCC_PREFIX_HEADER = "";
				GCC_PREPROCESSOR_DEFINITIONS = (
					"$(inherited)",
					"COCOAPODS=1",
				);
				HEADER_SEARCH_PATHS = (
					"$(inherited)",
					"\"${PODS_CONFIGURATION_BUILD_DIR}/AFNetworking/AFNetworking.framework/Headers\"",
					"\"${PODS_CONFIGURATION_BUILD_DIR}/AgoraActionProcess/AgoraActionProcess.framework/Headers\"",
					"\"${PODS_CONFIGURATION_BUILD_DIR}/AgoraEduSDK/AgoraEduSDK.framework/Headers\"",
					"\"${PODS_CONFIGURATION_BUILD_DIR}/AgoraHandsUp/AgoraHandsUp.framework/Headers\"",
					"\"${PODS_CONFIGURATION_BUILD_DIR}/AgoraLog/AgoraLog.framework/Headers\"",
					"\"${PODS_CONFIGURATION_BUILD_DIR}/AgoraWhiteBoard/AgoraWhiteBoard.framework/Headers\"",
					"\"${PODS_CONFIGURATION_BUILD_DIR}/AliyunOSSiOS/AliyunOSSiOS.framework/Headers\"",
					"\"${PODS_CONFIGURATION_BUILD_DIR}/CocoaLumberjack/CocoaLumberjack.framework/Headers\"",
					"\"${PODS_CONFIGURATION_BUILD_DIR}/EduSDK/EduSDK.framework/Headers\"",
					"\"${PODS_CONFIGURATION_BUILD_DIR}/Whiteboard/Whiteboard.framework/Headers\"",
					"\"${PODS_CONFIGURATION_BUILD_DIR}/YYModel/YYModel.framework/Headers\"",
					"\"${PODS_CONFIGURATION_BUILD_DIR}/dsBridge/dsBridge.framework/Headers\"",
					"\"${PODS_ROOT}/Headers/Public\"",
					"\"${PODS_ROOT}/Headers/Public/OpenSSL-Universal\"",
				);
				INFOPLIST_FILE = "AgoraEducation/Supporting Files/Info.plist";
				IPHONEOS_DEPLOYMENT_TARGET = 10.0;
				LD_RUNPATH_SEARCH_PATHS = (
					"$(inherited)",
					"@executable_path/Frameworks",
				);
				MARKETING_VERSION = 1.1.3;
				OTHER_SWIFT_FLAGS = "$(inherited) -D COCOAPODS";
				PRODUCT_BUNDLE_IDENTIFIER = io.agora.AgoraEducationQA;
				PRODUCT_NAME = AgoraCloudClass;
				PROVISIONING_PROFILE_SPECIFIER = AgoraLab2020;
				STRIP_STYLE = "non-global";
				STRIP_SWIFT_SYMBOLS = NO;
				SUPPORTED_PLATFORMS = "iphonesimulator iphoneos";
				SWIFT_ACTIVE_COMPILATION_CONDITIONS = "";
				SWIFT_OBJC_BRIDGING_HEADER = "AgoraEducation/Supporting Files/AgoraEducation-Bridging-Header.h";
				SWIFT_VERSION = 5.0;
				TARGETED_DEVICE_FAMILY = "1,2";
			};
			name = QARelease;
		};
		78AED04823C58E5D00A24DDB /* QARelease */ = {
			isa = XCBuildConfiguration;
			buildSettings = {
				ALWAYS_EMBED_SWIFT_STANDARD_LIBRARIES = YES;
				BUNDLE_LOADER = "$(TEST_HOST)";
				CODE_SIGN_STYLE = Automatic;
				INFOPLIST_FILE = AgoraSmallClassTests/Info.plist;
				LD_RUNPATH_SEARCH_PATHS = (
					"$(inherited)",
					"@executable_path/Frameworks",
					"@loader_path/Frameworks",
				);
				PRODUCT_BUNDLE_IDENTIFIER = io.agora.AgoraSmallClassTests;
				PRODUCT_NAME = "$(TARGET_NAME)";
				TARGETED_DEVICE_FAMILY = "1,2";
				TEST_HOST = "$(BUILT_PRODUCTS_DIR)/AgoraCloudClass.app/AgoraCloudClass";
			};
			name = QARelease;
		};
		78AED04923C58E5D00A24DDB /* QARelease */ = {
			isa = XCBuildConfiguration;
			buildSettings = {
				ALWAYS_EMBED_SWIFT_STANDARD_LIBRARIES = YES;
				CODE_SIGN_STYLE = Automatic;
				INFOPLIST_FILE = AgoraSmallClassUITests/Info.plist;
				LD_RUNPATH_SEARCH_PATHS = (
					"$(inherited)",
					"@executable_path/Frameworks",
					"@loader_path/Frameworks",
				);
				PRODUCT_BUNDLE_IDENTIFIER = io.agora.AgoraSmallClassUITests;
				PRODUCT_NAME = "$(TARGET_NAME)";
				TARGETED_DEVICE_FAMILY = "1,2";
				TEST_TARGET_NAME = AgoraSmallClass;
			};
			name = QARelease;
		};
		78CFE1DC257DE5AD0044F3D5 /* QATestRelease */ = {
			isa = XCBuildConfiguration;
			buildSettings = {
				ALWAYS_SEARCH_USER_PATHS = NO;
				CLANG_ANALYZER_LOCALIZABILITY_NONLOCALIZED = YES;
				CLANG_ANALYZER_NONNULL = YES;
				CLANG_ANALYZER_NUMBER_OBJECT_CONVERSION = YES_AGGRESSIVE;
				CLANG_CXX_LANGUAGE_STANDARD = "gnu++14";
				CLANG_CXX_LIBRARY = "libc++";
				CLANG_ENABLE_MODULES = YES;
				CLANG_ENABLE_OBJC_ARC = YES;
				CLANG_ENABLE_OBJC_WEAK = YES;
				CLANG_WARN_BLOCK_CAPTURE_AUTORELEASING = YES;
				CLANG_WARN_BOOL_CONVERSION = YES;
				CLANG_WARN_COMMA = YES;
				CLANG_WARN_CONSTANT_CONVERSION = YES;
				CLANG_WARN_DEPRECATED_OBJC_IMPLEMENTATIONS = YES;
				CLANG_WARN_DIRECT_OBJC_ISA_USAGE = YES_ERROR;
				CLANG_WARN_DOCUMENTATION_COMMENTS = YES;
				CLANG_WARN_EMPTY_BODY = YES;
				CLANG_WARN_ENUM_CONVERSION = YES;
				CLANG_WARN_INFINITE_RECURSION = YES;
				CLANG_WARN_INT_CONVERSION = YES;
				CLANG_WARN_NON_LITERAL_NULL_CONVERSION = YES;
				CLANG_WARN_OBJC_IMPLICIT_RETAIN_SELF = YES;
				CLANG_WARN_OBJC_LITERAL_CONVERSION = YES;
				CLANG_WARN_OBJC_ROOT_CLASS = YES_ERROR;
				CLANG_WARN_QUOTED_INCLUDE_IN_FRAMEWORK_HEADER = YES;
				CLANG_WARN_RANGE_LOOP_ANALYSIS = YES;
				CLANG_WARN_STRICT_PROTOTYPES = YES;
				CLANG_WARN_SUSPICIOUS_MOVE = YES;
				CLANG_WARN_UNGUARDED_AVAILABILITY = YES_AGGRESSIVE;
				CLANG_WARN_UNREACHABLE_CODE = YES;
				CLANG_WARN__DUPLICATE_METHOD_MATCH = YES;
				CODE_SIGN_IDENTITY = "iPhone Developer";
				COPY_PHASE_STRIP = NO;
				DEBUG_INFORMATION_FORMAT = "dwarf-with-dsym";
				ENABLE_NS_ASSERTIONS = NO;
				ENABLE_STRICT_OBJC_MSGSEND = YES;
				GCC_C_LANGUAGE_STANDARD = gnu11;
				GCC_NO_COMMON_BLOCKS = YES;
				GCC_WARN_64_TO_32_BIT_CONVERSION = YES;
				GCC_WARN_ABOUT_RETURN_TYPE = YES_ERROR;
				GCC_WARN_UNDECLARED_SELECTOR = YES;
				GCC_WARN_UNINITIALIZED_AUTOS = YES_AGGRESSIVE;
				GCC_WARN_UNUSED_FUNCTION = YES;
				GCC_WARN_UNUSED_VARIABLE = YES;
				IPHONEOS_DEPLOYMENT_TARGET = 10.0;
				MTL_ENABLE_DEBUG_INFO = NO;
				MTL_FAST_MATH = YES;
				SDKROOT = iphoneos;
				SWIFT_COMPILATION_MODE = wholemodule;
				VALIDATE_PRODUCT = YES;
			};
			name = QATestRelease;
		};
		78CFE1DD257DE5AD0044F3D5 /* QATestRelease */ = {
			isa = XCBuildConfiguration;
			baseConfigurationReference = 8CD382F7BF039504C1D49C53 /* Pods-AgoraEducation.qatestrelease.xcconfig */;
			buildSettings = {
				ASSETCATALOG_COMPILER_APPICON_NAME = AppIcon;
				CLANG_ENABLE_MODULES = YES;
				CODE_SIGN_IDENTITY = "iPhone Developer";
				CODE_SIGN_STYLE = Manual;
				CURRENT_PROJECT_VERSION = 21;
				DEFINES_MODULE = YES;
				DEVELOPMENT_TEAM = 5459N9W32M;
				ENABLE_BITCODE = NO;
				FRAMEWORK_SEARCH_PATHS = (
					"$(inherited)",
					"$(PROJECT_DIR)",
					"$(PROJECT_DIR)/AgoraEducation",
				);
				GCC_PRECOMPILE_PREFIX_HEADER = YES;
				GCC_PREFIX_HEADER = "";
				GCC_PREPROCESSOR_DEFINITIONS = (
					"$(inherited)",
					"COCOAPODS=1",
				);
				HEADER_SEARCH_PATHS = (
					"$(inherited)",
					"\"${PODS_CONFIGURATION_BUILD_DIR}/AFNetworking/AFNetworking.framework/Headers\"",
					"\"${PODS_CONFIGURATION_BUILD_DIR}/AgoraActionProcess/AgoraActionProcess.framework/Headers\"",
					"\"${PODS_CONFIGURATION_BUILD_DIR}/AgoraEduSDK/AgoraEduSDK.framework/Headers\"",
					"\"${PODS_CONFIGURATION_BUILD_DIR}/AgoraHandsUp/AgoraHandsUp.framework/Headers\"",
					"\"${PODS_CONFIGURATION_BUILD_DIR}/AgoraLog/AgoraLog.framework/Headers\"",
					"\"${PODS_CONFIGURATION_BUILD_DIR}/AgoraWhiteBoard/AgoraWhiteBoard.framework/Headers\"",
					"\"${PODS_CONFIGURATION_BUILD_DIR}/AliyunOSSiOS/AliyunOSSiOS.framework/Headers\"",
					"\"${PODS_CONFIGURATION_BUILD_DIR}/CocoaLumberjack/CocoaLumberjack.framework/Headers\"",
					"\"${PODS_CONFIGURATION_BUILD_DIR}/EduSDK/EduSDK.framework/Headers\"",
					"\"${PODS_CONFIGURATION_BUILD_DIR}/Whiteboard/Whiteboard.framework/Headers\"",
					"\"${PODS_CONFIGURATION_BUILD_DIR}/YYModel/YYModel.framework/Headers\"",
					"\"${PODS_CONFIGURATION_BUILD_DIR}/dsBridge/dsBridge.framework/Headers\"",
					"\"${PODS_ROOT}/Headers/Public\"",
					"\"${PODS_ROOT}/Headers/Public/OpenSSL-Universal\"",
				);
				INFOPLIST_FILE = "AgoraEducation/Supporting Files/Info.plist";
				IPHONEOS_DEPLOYMENT_TARGET = 10.0;
				LD_RUNPATH_SEARCH_PATHS = (
					"$(inherited)",
					"@executable_path/Frameworks",
				);
				MARKETING_VERSION = 1.1.3;
				OTHER_SWIFT_FLAGS = "$(inherited) -D COCOAPODS";
				PRODUCT_BUNDLE_IDENTIFIER = io.agora.AgoraEducationQATest;
				PRODUCT_NAME = AgoraCloudClass;
				PROVISIONING_PROFILE_SPECIFIER = AgoraTest2020;
				STRIP_STYLE = "non-global";
				STRIP_SWIFT_SYMBOLS = NO;
				SUPPORTED_PLATFORMS = "iphonesimulator iphoneos";
				SWIFT_ACTIVE_COMPILATION_CONDITIONS = "";
				SWIFT_OBJC_BRIDGING_HEADER = "AgoraEducation/Supporting Files/AgoraEducation-Bridging-Header.h";
				SWIFT_VERSION = 5.0;
				TARGETED_DEVICE_FAMILY = "1,2";
			};
			name = QATestRelease;
		};
		78CFE1DE257DE5AD0044F3D5 /* QATestRelease */ = {
			isa = XCBuildConfiguration;
			buildSettings = {
				ALWAYS_EMBED_SWIFT_STANDARD_LIBRARIES = YES;
				BUNDLE_LOADER = "$(TEST_HOST)";
				CODE_SIGN_STYLE = Automatic;
				INFOPLIST_FILE = AgoraSmallClassTests/Info.plist;
				LD_RUNPATH_SEARCH_PATHS = (
					"$(inherited)",
					"@executable_path/Frameworks",
					"@loader_path/Frameworks",
				);
				PRODUCT_BUNDLE_IDENTIFIER = io.agora.AgoraSmallClassTests;
				PRODUCT_NAME = "$(TARGET_NAME)";
				TARGETED_DEVICE_FAMILY = "1,2";
				TEST_HOST = "$(BUILT_PRODUCTS_DIR)/AgoraCloudClass.app/AgoraCloudClass";
			};
			name = QATestRelease;
		};
		78CFE1DF257DE5AD0044F3D5 /* QATestRelease */ = {
			isa = XCBuildConfiguration;
			buildSettings = {
				ALWAYS_EMBED_SWIFT_STANDARD_LIBRARIES = YES;
				CODE_SIGN_STYLE = Automatic;
				INFOPLIST_FILE = AgoraSmallClassUITests/Info.plist;
				LD_RUNPATH_SEARCH_PATHS = (
					"$(inherited)",
					"@executable_path/Frameworks",
					"@loader_path/Frameworks",
				);
				PRODUCT_BUNDLE_IDENTIFIER = io.agora.AgoraSmallClassUITests;
				PRODUCT_NAME = "$(TARGET_NAME)";
				TARGETED_DEVICE_FAMILY = "1,2";
				TEST_TARGET_NAME = AgoraSmallClass;
			};
			name = QATestRelease;
		};
/* End XCBuildConfiguration section */

/* Begin XCConfigurationList section */
		1AE0CFFF2283C5F20092AC5E /* Build configuration list for PBXProject "AgoraEducation" */ = {
			isa = XCConfigurationList;
			buildConfigurations = (
				1AE0D02E2283C5F40092AC5E /* Debug */,
				1AE0D02F2283C5F40092AC5E /* Release */,
				78515D3223FCCDCB0015B5EC /* DevRelease */,
				78AED04623C58E5D00A24DDB /* QARelease */,
				78CFE1DC257DE5AD0044F3D5 /* QATestRelease */,
				7868EA4525DE8F4300D95021 /* QATestNewRelease */,
			);
			defaultConfigurationIsVisible = 0;
			defaultConfigurationName = Release;
		};
		1AE0D0302283C5F40092AC5E /* Build configuration list for PBXNativeTarget "AgoraEducation" */ = {
			isa = XCConfigurationList;
			buildConfigurations = (
				1AE0D0312283C5F40092AC5E /* Debug */,
				1AE0D0322283C5F40092AC5E /* Release */,
				78515D3323FCCDCB0015B5EC /* DevRelease */,
				78AED04723C58E5D00A24DDB /* QARelease */,
				78CFE1DD257DE5AD0044F3D5 /* QATestRelease */,
				7868EA4625DE8F4300D95021 /* QATestNewRelease */,
			);
			defaultConfigurationIsVisible = 0;
			defaultConfigurationName = Release;
		};
		1AE0D0332283C5F40092AC5E /* Build configuration list for PBXNativeTarget "AgoraEducationTests" */ = {
			isa = XCConfigurationList;
			buildConfigurations = (
				1AE0D0342283C5F40092AC5E /* Debug */,
				1AE0D0352283C5F40092AC5E /* Release */,
				78515D3423FCCDCB0015B5EC /* DevRelease */,
				78AED04823C58E5D00A24DDB /* QARelease */,
				78CFE1DE257DE5AD0044F3D5 /* QATestRelease */,
				7868EA4725DE8F4300D95021 /* QATestNewRelease */,
			);
			defaultConfigurationIsVisible = 0;
			defaultConfigurationName = Release;
		};
		1AE0D0362283C5F40092AC5E /* Build configuration list for PBXNativeTarget "AgoraEducationUITests" */ = {
			isa = XCConfigurationList;
			buildConfigurations = (
				1AE0D0372283C5F40092AC5E /* Debug */,
				1AE0D0382283C5F40092AC5E /* Release */,
				78515D3523FCCDCB0015B5EC /* DevRelease */,
				78AED04923C58E5D00A24DDB /* QARelease */,
				78CFE1DF257DE5AD0044F3D5 /* QATestRelease */,
				7868EA4825DE8F4300D95021 /* QATestNewRelease */,
			);
			defaultConfigurationIsVisible = 0;
			defaultConfigurationName = Release;
		};
/* End XCConfigurationList section */
	};
	rootObject = 1AE0CFFC2283C5F20092AC5E /* Project object */;
}
