PODS:
  - dsBridge (3.0.6)
  - Whiteboard (2.12.22):
    - Whiteboard/Base (= 2.12.22)
    - Whiteboard/Converter (= 2.12.22)
    - Whiteboard/Model (= 2.12.22)
    - Whiteboard/NativeReplayer (= 2.12.22)
    - Whiteboard/Object (= 2.12.22)
    - Whiteboard/Replayer (= 2.12.22)
    - Whiteboard/Room (= 2.12.22)
  - Whiteboard/Base (2.12.22):
    - dsBridge (~> 3.0.2)
    - Whiteboard/Object
  - Whiteboard/Converter (2.12.22):
    - Whiteboard/Object
  - Whiteboard/Model (2.12.22):
    - YYModel (~> 1.0.4)
  - Whiteboard/NativeReplayer (2.12.22):
    - Whiteboard/Replayer
  - Whiteboard/Object (2.12.22):
    - Whiteboard/Model
  - Whiteboard/Replayer (2.12.22):
    - Whiteboard/Base
  - Whiteboard/Room (2.12.22):
    - Whiteboard/Base
  - YYModel (1.0.4)

DEPENDENCIES:
  - Whiteboard (= 2.12.22)

SPEC REPOS:
  trunk:
    - dsBridge
    - Whiteboard
    - YYModel

SPEC CHECKSUMS:
  dsBridge: 48b62ee8a411ad601a88d6f6c8cf6cb634b206b7
  Whiteboard: 1af96f11d08cea541a12266144049b4a8c691ab4
  YYModel: 2a7fdd96aaa4b86a824e26d0c517de8928c04b30

PODFILE CHECKSUM: 00d8da80113f82b54364a56ef87ec94357d6dbac

COCOAPODS: 1.10.1
